{
  "pins" : [
    {
      "identity" : "masshortcut",
      "kind" : "remoteSourceControl",
      "location" : "https://github.com/dan-koller/MASShortcut",
      "state" : {
        "branch" : "master",
        "revision" : "6f2603c6b6cc18f64a799e5d2c9d3bbc467c413a"
      }
    },
    {
      "identity" : "siswift",
      "kind" : "remoteSourceControl",
      "location" : "https://github.com/dan-koller/SISwift",
      "state" : {
        "branch" : "main",
        "revision" : "370c31168f0bcf804c5b520c8f2ceb09bae912e1"
      }
    }
  ],
  "version" : 2
}
