// !$*UTF8*$!
{
	archiveVersion = 1;
	classes = {
	};
	objectVersion = 56;
	objects = {

/* Begin PBXBuildFile section */
		650821B42ADFD3220009B168 /* SystemInfoView.swift in Sources */ = {isa = PBXBuildFile; fileRef = 650821B32ADFD3220009B168 /* SystemInfoView.swift */; };
		650821B62ADFD3630009B168 /* CleaningModeView.swift in Sources */ = {isa = PBXBuildFile; fileRef = 650821B52ADFD3630009B168 /* CleaningModeView.swift */; };
		650821B82ADFD3860009B168 /* WindowManagerView.swift in Sources */ = {isa = PBXBuildFile; fileRef = 650821B72ADFD3860009B168 /* WindowManagerView.swift */; };
		650821BA2ADFD3AB0009B168 /* PopoverView.swift in Sources */ = {isa = PBXBuildFile; fileRef = 650821B92ADFD3AB0009B168 /* PopoverView.swift */; };
		6533CD1F2AD402B1009263A7 /* SISwift in Frameworks */ = {isa = PBXBuildFile; productRef = 6533CD1E2AD402B1009263A7 /* SISwift */; };
		654B2AE52AAB03110084CFBA /* Assets.xcassets in Resources */ = {isa = PBXBuildFile; fileRef = 654B2AE42AAB03110084CFBA /* Assets.xcassets */; };
		654B2AF32AAB03110084CFBA /* MacMenuTests.swift in Sources */ = {isa = PBXBuildFile; fileRef = 654B2AF22AAB03110084CFBA /* MacMenuTests.swift */; };
		654B2AFD2AAB03110084CFBA /* MacMenuUITests.swift in Sources */ = {isa = PBXBuildFile; fileRef = 654B2AFC2AAB03110084CFBA /* MacMenuUITests.swift */; };
		654B2AFF2AAB03110084CFBA /* MacMenuUITestsLaunchTests.swift in Sources */ = {isa = PBXBuildFile; fileRef = 654B2AFE2AAB03110084CFBA /* MacMenuUITestsLaunchTests.swift */; };
		654B2B3E2AAB03B00084CFBA /* SubsequentExecutionMode.swift in Sources */ = {isa = PBXBuildFile; fileRef = 654B2B312AAB03AF0084CFBA /* SubsequentExecutionMode.swift */; };
		654B2B3F2AAB03B00084CFBA /* ScreenDetection.swift in Sources */ = {isa = PBXBuildFile; fileRef = 654B2B322AAB03AF0084CFBA /* ScreenDetection.swift */; };
		654B2B402AAB03B00084CFBA /* main.swift in Sources */ = {isa = PBXBuildFile; fileRef = 654B2B332AAB03AF0084CFBA /* main.swift */; };
		654B2B412AAB03B00084CFBA /* WindowManager.swift in Sources */ = {isa = PBXBuildFile; fileRef = 654B2B342AAB03AF0084CFBA /* WindowManager.swift */; };
		654B2B422AAB03B00084CFBA /* WindowActionCategory.swift in Sources */ = {isa = PBXBuildFile; fileRef = 654B2B352AAB03AF0084CFBA /* WindowActionCategory.swift */; };
		654B2B432AAB03B00084CFBA /* AccessibilityElement.swift in Sources */ = {isa = PBXBuildFile; fileRef = 654B2B362AAB03AF0084CFBA /* AccessibilityElement.swift */; };
		654B2B442AAB03B00084CFBA /* WindowAction.swift in Sources */ = {isa = PBXBuildFile; fileRef = 654B2B372AAB03AF0084CFBA /* WindowAction.swift */; };
		654B2B472AAB03B00084CFBA /* Constants.swift in Sources */ = {isa = PBXBuildFile; fileRef = 654B2B3B2AAB03B00084CFBA /* Constants.swift */; };
		654B2B482AAB03B00084CFBA /* AppDelegate.swift in Sources */ = {isa = PBXBuildFile; fileRef = 654B2B3C2AAB03B00084CFBA /* AppDelegate.swift */; };
		654B2B492AAB03B00084CFBA /* WindowHistory.swift in Sources */ = {isa = PBXBuildFile; fileRef = 654B2B3D2AAB03B00084CFBA /* WindowHistory.swift */; };
		654B2B4F2AAB04920084CFBA /* MultiWindowManager.swift in Sources */ = {isa = PBXBuildFile; fileRef = 654B2B4D2AAB04920084CFBA /* MultiWindowManager.swift */; };
		654B2B502AAB04920084CFBA /* ReverseAllManager.swift in Sources */ = {isa = PBXBuildFile; fileRef = 654B2B4E2AAB04920084CFBA /* ReverseAllManager.swift */; };
		654B2B572AAB049C0084CFBA /* WindowMover.swift in Sources */ = {isa = PBXBuildFile; fileRef = 654B2B522AAB049C0084CFBA /* WindowMover.swift */; };
		654B2B582AAB049C0084CFBA /* CenteringFixedSizedWindowMover.swift in Sources */ = {isa = PBXBuildFile; fileRef = 654B2B532AAB049C0084CFBA /* CenteringFixedSizedWindowMover.swift */; };
		654B2B592AAB049C0084CFBA /* BestEffortWindowMover.swift in Sources */ = {isa = PBXBuildFile; fileRef = 654B2B542AAB049C0084CFBA /* BestEffortWindowMover.swift */; };
		654B2B5A2AAB049C0084CFBA /* StandardWindowMover.swift in Sources */ = {isa = PBXBuildFile; fileRef = 654B2B552AAB049C0084CFBA /* StandardWindowMover.swift */; };
		654B2B5B2AAB049C0084CFBA /* QuantizedWindowMover.swift in Sources */ = {isa = PBXBuildFile; fileRef = 654B2B562AAB049C0084CFBA /* QuantizedWindowMover.swift */; };
		654B2BB92AAB04AA0084CFBA /* WindowUtil.swift in Sources */ = {isa = PBXBuildFile; fileRef = 654B2B5D2AAB04A90084CFBA /* WindowUtil.swift */; };
		654B2BBA2AAB04AA0084CFBA /* CGExtension.swift in Sources */ = {isa = PBXBuildFile; fileRef = 654B2B5E2AAB04A90084CFBA /* CGExtension.swift */; };
		654B2BBB2AAB04AA0084CFBA /* RunLoopThread.swift in Sources */ = {isa = PBXBuildFile; fileRef = 654B2B5F2AAB04A90084CFBA /* RunLoopThread.swift */; };
		654B2BBC2AAB04AA0084CFBA /* AlertUtil.swift in Sources */ = {isa = PBXBuildFile; fileRef = 654B2B602AAB04A90084CFBA /* AlertUtil.swift */; };
		654B2BBD2AAB04AA0084CFBA /* CFExtension.swift in Sources */ = {isa = PBXBuildFile; fileRef = 654B2B612AAB04A90084CFBA /* CFExtension.swift */; };
		654B2BBE2AAB04AA0084CFBA /* NotificationExtension.swift in Sources */ = {isa = PBXBuildFile; fileRef = 654B2B622AAB04A90084CFBA /* NotificationExtension.swift */; };
		654B2BBF2AAB04AA0084CFBA /* TimeoutCache.swift in Sources */ = {isa = PBXBuildFile; fileRef = 654B2B632AAB04A90084CFBA /* TimeoutCache.swift */; };
		654B2BC02AAB04AA0084CFBA /* DispatchTimeExtension.swift in Sources */ = {isa = PBXBuildFile; fileRef = 654B2B642AAB04A90084CFBA /* DispatchTimeExtension.swift */; };
		654B2BC12AAB04AA0084CFBA /* AXExtension.swift in Sources */ = {isa = PBXBuildFile; fileRef = 654B2B652AAB04A90084CFBA /* AXExtension.swift */; };
		654B2BC22AAB04AA0084CFBA /* SequenceExtension.swift in Sources */ = {isa = PBXBuildFile; fileRef = 654B2B662AAB04A90084CFBA /* SequenceExtension.swift */; };
		654B2BC32AAB04AA0084CFBA /* Debounce.swift in Sources */ = {isa = PBXBuildFile; fileRef = 654B2B672AAB04A90084CFBA /* Debounce.swift */; };
		654B2BC42AAB04AA0084CFBA /* NSImageExtension.swift in Sources */ = {isa = PBXBuildFile; fileRef = 654B2B682AAB04A90084CFBA /* NSImageExtension.swift */; };
		654B2BC52AAB04AA0084CFBA /* EventMonitor.swift in Sources */ = {isa = PBXBuildFile; fileRef = 654B2B692AAB04A90084CFBA /* EventMonitor.swift */; };
		654B2BC62AAB04AA0084CFBA /* StageUtil.swift in Sources */ = {isa = PBXBuildFile; fileRef = 654B2B6A2AAB04A90084CFBA /* StageUtil.swift */; };
		654B2BC72AAB04AA0084CFBA /* CUtil.swift in Sources */ = {isa = PBXBuildFile; fileRef = 654B2B6B2AAB04A90084CFBA /* CUtil.swift */; };
		654B2BC82AAB04AA0084CFBA /* NextPrevDisplayCalculation.swift in Sources */ = {isa = PBXBuildFile; fileRef = 654B2B6D2AAB04A90084CFBA /* NextPrevDisplayCalculation.swift */; };
		654B2BC92AAB04AA0084CFBA /* BottomHalfCalculation.swift in Sources */ = {isa = PBXBuildFile; fileRef = 654B2B6E2AAB04A90084CFBA /* BottomHalfCalculation.swift */; };
		654B2BCC2AAB04AA0084CFBA /* UpperRightCalculation.swift in Sources */ = {isa = PBXBuildFile; fileRef = 654B2B712AAB04A90084CFBA /* UpperRightCalculation.swift */; };
		654B2BCD2AAB04AA0084CFBA /* MaximizeCalculation.swift in Sources */ = {isa = PBXBuildFile; fileRef = 654B2B722AAB04A90084CFBA /* MaximizeCalculation.swift */; };
		654B2BCF2AAB04AA0084CFBA /* WindowCalculation.swift in Sources */ = {isa = PBXBuildFile; fileRef = 654B2B742AAB04A90084CFBA /* WindowCalculation.swift */; };
		654B2BD02AAB04AA0084CFBA /* MoveLeftRightCalculation.swift in Sources */ = {isa = PBXBuildFile; fileRef = 654B2B752AAB04A90084CFBA /* MoveLeftRightCalculation.swift */; };
		654B2BD62AAB04AA0084CFBA /* ChangeSizeCalculation.swift in Sources */ = {isa = PBXBuildFile; fileRef = 654B2B7B2AAB04A90084CFBA /* ChangeSizeCalculation.swift */; };
		654B2BD92AAB04AA0084CFBA /* CenterCalculation.swift in Sources */ = {isa = PBXBuildFile; fileRef = 654B2B7E2AAB04A90084CFBA /* CenterCalculation.swift */; };
		654B2BDA2AAB04AA0084CFBA /* TopHalfCalculation.swift in Sources */ = {isa = PBXBuildFile; fileRef = 654B2B7F2AAB04A90084CFBA /* TopHalfCalculation.swift */; };
		654B2BDB2AAB04AA0084CFBA /* GapCalculation.swift in Sources */ = {isa = PBXBuildFile; fileRef = 654B2B802AAB04A90084CFBA /* GapCalculation.swift */; };
		654B2BDC2AAB04AA0084CFBA /* CenterHalfCalculation.swift in Sources */ = {isa = PBXBuildFile; fileRef = 654B2B812AAB04A90084CFBA /* CenterHalfCalculation.swift */; };
		654B2BDE2AAB04AA0084CFBA /* MaximizeHeightCalculation.swift in Sources */ = {isa = PBXBuildFile; fileRef = 654B2B832AAB04A90084CFBA /* MaximizeHeightCalculation.swift */; };
		654B2BE02AAB04AA0084CFBA /* LastThirdCalculation.swift in Sources */ = {isa = PBXBuildFile; fileRef = 654B2B852AAB04A90084CFBA /* LastThirdCalculation.swift */; };
		654B2BE22AAB04AA0084CFBA /* LowerLeftCalculation.swift in Sources */ = {isa = PBXBuildFile; fileRef = 654B2B872AAB04A90084CFBA /* LowerLeftCalculation.swift */; };
		654B2BE82AAB04AA0084CFBA /* UpperLeftCalculation.swift in Sources */ = {isa = PBXBuildFile; fileRef = 654B2B8D2AAB04A90084CFBA /* UpperLeftCalculation.swift */; };
		654B2BEC2AAB04AA0084CFBA /* LeftRightHalfCalculation.swift in Sources */ = {isa = PBXBuildFile; fileRef = 654B2B912AAB04A90084CFBA /* LeftRightHalfCalculation.swift */; };
		654B2BEE2AAB04AA0084CFBA /* LowerRightCalculation.swift in Sources */ = {isa = PBXBuildFile; fileRef = 654B2B932AAB04A90084CFBA /* LowerRightCalculation.swift */; };
		654B2BF92AAB04AA0084CFBA /* FirstTwoThirdsCalculation.swift in Sources */ = {isa = PBXBuildFile; fileRef = 654B2B9E2AAB04A90084CFBA /* FirstTwoThirdsCalculation.swift */; };
		654B2BFE2AAB04AA0084CFBA /* FirstThirdCalculation.swift in Sources */ = {isa = PBXBuildFile; fileRef = 654B2BA32AAB04A90084CFBA /* FirstThirdCalculation.swift */; };
		654B2BFF2AAB04AA0084CFBA /* CenterThirdCalculation.swift in Sources */ = {isa = PBXBuildFile; fileRef = 654B2BA42AAB04A90084CFBA /* CenterThirdCalculation.swift */; };
		654B2C002AAB04AA0084CFBA /* OrientationAware.swift in Sources */ = {isa = PBXBuildFile; fileRef = 654B2BA52AAB04A90084CFBA /* OrientationAware.swift */; };
		654B2C012AAB04AA0084CFBA /* LastTwoThirdsCalculation.swift in Sources */ = {isa = PBXBuildFile; fileRef = 654B2BA62AAB04A90084CFBA /* LastTwoThirdsCalculation.swift */; };
		654B2C022AAB04AA0084CFBA /* MoveUpDownCalculation.swift in Sources */ = {isa = PBXBuildFile; fileRef = 654B2BA72AAB04A90084CFBA /* MoveUpDownCalculation.swift */; };
		654B2C042AAB04AA0084CFBA /* RepeatedExecutionsCalculation.swift in Sources */ = {isa = PBXBuildFile; fileRef = 654B2BA92AAB04AA0084CFBA /* RepeatedExecutionsCalculation.swift */; };
		654B2C0A2AAB04AA0084CFBA /* SnapAreaModel.swift in Sources */ = {isa = PBXBuildFile; fileRef = 654B2BB02AAB04AA0084CFBA /* SnapAreaModel.swift */; };
		654B2C0B2AAB04AA0084CFBA /* FootprintWindow.swift in Sources */ = {isa = PBXBuildFile; fileRef = 654B2BB12AAB04AA0084CFBA /* FootprintWindow.swift */; };
		654B2C0C2AAB04AA0084CFBA /* ThirdsCompoundCalculation.swift in Sources */ = {isa = PBXBuildFile; fileRef = 654B2BB32AAB04AA0084CFBA /* ThirdsCompoundCalculation.swift */; };
		654B2C0D2AAB04AA0084CFBA /* HalvesCompoundCalculation.swift in Sources */ = {isa = PBXBuildFile; fileRef = 654B2BB42AAB04AA0084CFBA /* HalvesCompoundCalculation.swift */; };
		654B2C0E2AAB04AA0084CFBA /* SixthsCompoundCalculation.swift in Sources */ = {isa = PBXBuildFile; fileRef = 654B2BB52AAB04AA0084CFBA /* SixthsCompoundCalculation.swift */; };
		654B2C0F2AAB04AA0084CFBA /* CompoundSnapArea.swift in Sources */ = {isa = PBXBuildFile; fileRef = 654B2BB62AAB04AA0084CFBA /* CompoundSnapArea.swift */; };
		654B2C102AAB04AA0084CFBA /* FourthsCompoundCalculation.swift in Sources */ = {isa = PBXBuildFile; fileRef = 654B2BB72AAB04AA0084CFBA /* FourthsCompoundCalculation.swift */; };
		654B2C112AAB04AA0084CFBA /* SnappingManager.swift in Sources */ = {isa = PBXBuildFile; fileRef = 654B2BB82AAB04AA0084CFBA /* SnappingManager.swift */; };
		657EE4AA2B46DABC00FE1702 /* LaunchAtLogin in Frameworks */ = {isa = PBXBuildFile; productRef = 657EE4A92B46DABC00FE1702 /* LaunchAtLogin */; };
		6583AA8A2AE8F60F0076E070 /* EventTap.swift in Sources */ = {isa = PBXBuildFile; fileRef = 6583AA892AE8F60F0076E070 /* EventTap.swift */; };
		6583AA8C2AE8F6860076E070 /* CleaningManager.swift in Sources */ = {isa = PBXBuildFile; fileRef = 6583AA8B2AE8F6860076E070 /* CleaningManager.swift */; };
		65E770CB2ABF4DAD0037D593 /* ShortcutManager.swift in Sources */ = {isa = PBXBuildFile; fileRef = 65E770CA2ABF4DAD0037D593 /* ShortcutManager.swift */; };
		65E770CE2AC16D070037D593 /* MASShortcut in Frameworks */ = {isa = PBXBuildFile; productRef = 65E770CD2AC16D070037D593 /* MASShortcut */; };
/* End PBXBuildFile section */

/* Begin PBXContainerItemProxy section */
		654B2AEF2AAB03110084CFBA /* PBXContainerItemProxy */ = {
			isa = PBXContainerItemProxy;
			containerPortal = 654B2AD52AAB02FD0084CFBA /* Project object */;
			proxyType = 1;
			remoteGlobalIDString = 654B2ADC2AAB02FE0084CFBA;
			remoteInfo = MacMenu;
		};
		654B2AF92AAB03110084CFBA /* PBXContainerItemProxy */ = {
			isa = PBXContainerItemProxy;
			containerPortal = 654B2AD52AAB02FD0084CFBA /* Project object */;
			proxyType = 1;
			remoteGlobalIDString = 654B2ADC2AAB02FE0084CFBA;
			remoteInfo = MacMenu;
		};
/* End PBXContainerItemProxy section */

/* Begin PBXFileReference section */
		650821B32ADFD3220009B168 /* SystemInfoView.swift */ = {isa = PBXFileReference; lastKnownFileType = sourcecode.swift; path = SystemInfoView.swift; sourceTree = "<group>"; };
		650821B52ADFD3630009B168 /* CleaningModeView.swift */ = {isa = PBXFileReference; lastKnownFileType = sourcecode.swift; path = CleaningModeView.swift; sourceTree = "<group>"; };
		650821B72ADFD3860009B168 /* WindowManagerView.swift */ = {isa = PBXFileReference; lastKnownFileType = sourcecode.swift; path = WindowManagerView.swift; sourceTree = "<group>"; };
		650821B92ADFD3AB0009B168 /* PopoverView.swift */ = {isa = PBXFileReference; lastKnownFileType = sourcecode.swift; path = PopoverView.swift; sourceTree = "<group>"; };
		654B2ADD2AAB02FE0084CFBA /* MacMenu.app */ = {isa = PBXFileReference; explicitFileType = wrapper.application; includeInIndex = 0; path = MacMenu.app; sourceTree = BUILT_PRODUCTS_DIR; };
		654B2AE42AAB03110084CFBA /* Assets.xcassets */ = {isa = PBXFileReference; lastKnownFileType = folder.assetcatalog; path = Assets.xcassets; sourceTree = "<group>"; };
		654B2AE92AAB03110084CFBA /* MacMenu.entitlements */ = {isa = PBXFileReference; lastKnownFileType = text.plist.entitlements; path = MacMenu.entitlements; sourceTree = "<group>"; };
		654B2AEE2AAB03110084CFBA /* MacMenuTests.xctest */ = {isa = PBXFileReference; explicitFileType = wrapper.cfbundle; includeInIndex = 0; path = MacMenuTests.xctest; sourceTree = BUILT_PRODUCTS_DIR; };
		654B2AF22AAB03110084CFBA /* MacMenuTests.swift */ = {isa = PBXFileReference; lastKnownFileType = sourcecode.swift; path = MacMenuTests.swift; sourceTree = "<group>"; };
		654B2AF82AAB03110084CFBA /* MacMenuUITests.xctest */ = {isa = PBXFileReference; explicitFileType = wrapper.cfbundle; includeInIndex = 0; path = MacMenuUITests.xctest; sourceTree = BUILT_PRODUCTS_DIR; };
		654B2AFC2AAB03110084CFBA /* MacMenuUITests.swift */ = {isa = PBXFileReference; lastKnownFileType = sourcecode.swift; path = MacMenuUITests.swift; sourceTree = "<group>"; };
		654B2AFE2AAB03110084CFBA /* MacMenuUITestsLaunchTests.swift */ = {isa = PBXFileReference; lastKnownFileType = sourcecode.swift; path = MacMenuUITestsLaunchTests.swift; sourceTree = "<group>"; };
		654B2B312AAB03AF0084CFBA /* SubsequentExecutionMode.swift */ = {isa = PBXFileReference; fileEncoding = 4; lastKnownFileType = sourcecode.swift; path = SubsequentExecutionMode.swift; sourceTree = "<group>"; };
		654B2B322AAB03AF0084CFBA /* ScreenDetection.swift */ = {isa = PBXFileReference; fileEncoding = 4; lastKnownFileType = sourcecode.swift; path = ScreenDetection.swift; sourceTree = "<group>"; };
		654B2B332AAB03AF0084CFBA /* main.swift */ = {isa = PBXFileReference; fileEncoding = 4; lastKnownFileType = sourcecode.swift; path = main.swift; sourceTree = "<group>"; };
		654B2B342AAB03AF0084CFBA /* WindowManager.swift */ = {isa = PBXFileReference; fileEncoding = 4; lastKnownFileType = sourcecode.swift; path = WindowManager.swift; sourceTree = "<group>"; };
		654B2B352AAB03AF0084CFBA /* WindowActionCategory.swift */ = {isa = PBXFileReference; fileEncoding = 4; lastKnownFileType = sourcecode.swift; path = WindowActionCategory.swift; sourceTree = "<group>"; };
		654B2B362AAB03AF0084CFBA /* AccessibilityElement.swift */ = {isa = PBXFileReference; fileEncoding = 4; lastKnownFileType = sourcecode.swift; path = AccessibilityElement.swift; sourceTree = "<group>"; };
		654B2B372AAB03AF0084CFBA /* WindowAction.swift */ = {isa = PBXFileReference; fileEncoding = 4; lastKnownFileType = sourcecode.swift; path = WindowAction.swift; sourceTree = "<group>"; };
		654B2B3B2AAB03B00084CFBA /* Constants.swift */ = {isa = PBXFileReference; fileEncoding = 4; lastKnownFileType = sourcecode.swift; path = Constants.swift; sourceTree = "<group>"; };
		654B2B3C2AAB03B00084CFBA /* AppDelegate.swift */ = {isa = PBXFileReference; fileEncoding = 4; lastKnownFileType = sourcecode.swift; path = AppDelegate.swift; sourceTree = "<group>"; };
		654B2B3D2AAB03B00084CFBA /* WindowHistory.swift */ = {isa = PBXFileReference; fileEncoding = 4; lastKnownFileType = sourcecode.swift; path = WindowHistory.swift; sourceTree = "<group>"; };
		654B2B4A2AAB03D20084CFBA /* MacMenu-Bridging-Header.h */ = {isa = PBXFileReference; lastKnownFileType = sourcecode.c.h; path = "MacMenu-Bridging-Header.h"; sourceTree = "<group>"; };
		654B2B4D2AAB04920084CFBA /* MultiWindowManager.swift */ = {isa = PBXFileReference; fileEncoding = 4; lastKnownFileType = sourcecode.swift; path = MultiWindowManager.swift; sourceTree = "<group>"; };
		654B2B4E2AAB04920084CFBA /* ReverseAllManager.swift */ = {isa = PBXFileReference; fileEncoding = 4; lastKnownFileType = sourcecode.swift; path = ReverseAllManager.swift; sourceTree = "<group>"; };
		654B2B522AAB049C0084CFBA /* WindowMover.swift */ = {isa = PBXFileReference; fileEncoding = 4; lastKnownFileType = sourcecode.swift; path = WindowMover.swift; sourceTree = "<group>"; };
		654B2B532AAB049C0084CFBA /* CenteringFixedSizedWindowMover.swift */ = {isa = PBXFileReference; fileEncoding = 4; lastKnownFileType = sourcecode.swift; path = CenteringFixedSizedWindowMover.swift; sourceTree = "<group>"; };
		654B2B542AAB049C0084CFBA /* BestEffortWindowMover.swift */ = {isa = PBXFileReference; fileEncoding = 4; lastKnownFileType = sourcecode.swift; path = BestEffortWindowMover.swift; sourceTree = "<group>"; };
		654B2B552AAB049C0084CFBA /* StandardWindowMover.swift */ = {isa = PBXFileReference; fileEncoding = 4; lastKnownFileType = sourcecode.swift; path = StandardWindowMover.swift; sourceTree = "<group>"; };
		654B2B562AAB049C0084CFBA /* QuantizedWindowMover.swift */ = {isa = PBXFileReference; fileEncoding = 4; lastKnownFileType = sourcecode.swift; path = QuantizedWindowMover.swift; sourceTree = "<group>"; };
		654B2B5D2AAB04A90084CFBA /* WindowUtil.swift */ = {isa = PBXFileReference; fileEncoding = 4; lastKnownFileType = sourcecode.swift; path = WindowUtil.swift; sourceTree = "<group>"; };
		654B2B5E2AAB04A90084CFBA /* CGExtension.swift */ = {isa = PBXFileReference; fileEncoding = 4; lastKnownFileType = sourcecode.swift; path = CGExtension.swift; sourceTree = "<group>"; };
		654B2B5F2AAB04A90084CFBA /* RunLoopThread.swift */ = {isa = PBXFileReference; fileEncoding = 4; lastKnownFileType = sourcecode.swift; path = RunLoopThread.swift; sourceTree = "<group>"; };
		654B2B602AAB04A90084CFBA /* AlertUtil.swift */ = {isa = PBXFileReference; fileEncoding = 4; lastKnownFileType = sourcecode.swift; path = AlertUtil.swift; sourceTree = "<group>"; };
		654B2B612AAB04A90084CFBA /* CFExtension.swift */ = {isa = PBXFileReference; fileEncoding = 4; lastKnownFileType = sourcecode.swift; path = CFExtension.swift; sourceTree = "<group>"; };
		654B2B622AAB04A90084CFBA /* NotificationExtension.swift */ = {isa = PBXFileReference; fileEncoding = 4; lastKnownFileType = sourcecode.swift; path = NotificationExtension.swift; sourceTree = "<group>"; };
		654B2B632AAB04A90084CFBA /* TimeoutCache.swift */ = {isa = PBXFileReference; fileEncoding = 4; lastKnownFileType = sourcecode.swift; path = TimeoutCache.swift; sourceTree = "<group>"; };
		654B2B642AAB04A90084CFBA /* DispatchTimeExtension.swift */ = {isa = PBXFileReference; fileEncoding = 4; lastKnownFileType = sourcecode.swift; path = DispatchTimeExtension.swift; sourceTree = "<group>"; };
		654B2B652AAB04A90084CFBA /* AXExtension.swift */ = {isa = PBXFileReference; fileEncoding = 4; lastKnownFileType = sourcecode.swift; path = AXExtension.swift; sourceTree = "<group>"; };
		654B2B662AAB04A90084CFBA /* SequenceExtension.swift */ = {isa = PBXFileReference; fileEncoding = 4; lastKnownFileType = sourcecode.swift; path = SequenceExtension.swift; sourceTree = "<group>"; };
		654B2B672AAB04A90084CFBA /* Debounce.swift */ = {isa = PBXFileReference; fileEncoding = 4; lastKnownFileType = sourcecode.swift; path = Debounce.swift; sourceTree = "<group>"; };
		654B2B682AAB04A90084CFBA /* NSImageExtension.swift */ = {isa = PBXFileReference; fileEncoding = 4; lastKnownFileType = sourcecode.swift; path = NSImageExtension.swift; sourceTree = "<group>"; };
		654B2B692AAB04A90084CFBA /* EventMonitor.swift */ = {isa = PBXFileReference; fileEncoding = 4; lastKnownFileType = sourcecode.swift; path = EventMonitor.swift; sourceTree = "<group>"; };
		654B2B6A2AAB04A90084CFBA /* StageUtil.swift */ = {isa = PBXFileReference; fileEncoding = 4; lastKnownFileType = sourcecode.swift; path = StageUtil.swift; sourceTree = "<group>"; };
		654B2B6B2AAB04A90084CFBA /* CUtil.swift */ = {isa = PBXFileReference; fileEncoding = 4; lastKnownFileType = sourcecode.swift; path = CUtil.swift; sourceTree = "<group>"; };
		654B2B6D2AAB04A90084CFBA /* NextPrevDisplayCalculation.swift */ = {isa = PBXFileReference; fileEncoding = 4; lastKnownFileType = sourcecode.swift; path = NextPrevDisplayCalculation.swift; sourceTree = "<group>"; };
		654B2B6E2AAB04A90084CFBA /* BottomHalfCalculation.swift */ = {isa = PBXFileReference; fileEncoding = 4; lastKnownFileType = sourcecode.swift; path = BottomHalfCalculation.swift; sourceTree = "<group>"; };
		654B2B712AAB04A90084CFBA /* UpperRightCalculation.swift */ = {isa = PBXFileReference; fileEncoding = 4; lastKnownFileType = sourcecode.swift; path = UpperRightCalculation.swift; sourceTree = "<group>"; };
		654B2B722AAB04A90084CFBA /* MaximizeCalculation.swift */ = {isa = PBXFileReference; fileEncoding = 4; lastKnownFileType = sourcecode.swift; path = MaximizeCalculation.swift; sourceTree = "<group>"; };
		654B2B742AAB04A90084CFBA /* WindowCalculation.swift */ = {isa = PBXFileReference; fileEncoding = 4; lastKnownFileType = sourcecode.swift; path = WindowCalculation.swift; sourceTree = "<group>"; };
		654B2B752AAB04A90084CFBA /* MoveLeftRightCalculation.swift */ = {isa = PBXFileReference; fileEncoding = 4; lastKnownFileType = sourcecode.swift; path = MoveLeftRightCalculation.swift; sourceTree = "<group>"; };
		654B2B7B2AAB04A90084CFBA /* ChangeSizeCalculation.swift */ = {isa = PBXFileReference; fileEncoding = 4; lastKnownFileType = sourcecode.swift; path = ChangeSizeCalculation.swift; sourceTree = "<group>"; };
		654B2B7E2AAB04A90084CFBA /* CenterCalculation.swift */ = {isa = PBXFileReference; fileEncoding = 4; lastKnownFileType = sourcecode.swift; path = CenterCalculation.swift; sourceTree = "<group>"; };
		654B2B7F2AAB04A90084CFBA /* TopHalfCalculation.swift */ = {isa = PBXFileReference; fileEncoding = 4; lastKnownFileType = sourcecode.swift; path = TopHalfCalculation.swift; sourceTree = "<group>"; };
		654B2B802AAB04A90084CFBA /* GapCalculation.swift */ = {isa = PBXFileReference; fileEncoding = 4; lastKnownFileType = sourcecode.swift; path = GapCalculation.swift; sourceTree = "<group>"; };
		654B2B812AAB04A90084CFBA /* CenterHalfCalculation.swift */ = {isa = PBXFileReference; fileEncoding = 4; lastKnownFileType = sourcecode.swift; path = CenterHalfCalculation.swift; sourceTree = "<group>"; };
		654B2B832AAB04A90084CFBA /* MaximizeHeightCalculation.swift */ = {isa = PBXFileReference; fileEncoding = 4; lastKnownFileType = sourcecode.swift; path = MaximizeHeightCalculation.swift; sourceTree = "<group>"; };
		654B2B852AAB04A90084CFBA /* LastThirdCalculation.swift */ = {isa = PBXFileReference; fileEncoding = 4; lastKnownFileType = sourcecode.swift; path = LastThirdCalculation.swift; sourceTree = "<group>"; };
		654B2B872AAB04A90084CFBA /* LowerLeftCalculation.swift */ = {isa = PBXFileReference; fileEncoding = 4; lastKnownFileType = sourcecode.swift; path = LowerLeftCalculation.swift; sourceTree = "<group>"; };
		654B2B8D2AAB04A90084CFBA /* UpperLeftCalculation.swift */ = {isa = PBXFileReference; fileEncoding = 4; lastKnownFileType = sourcecode.swift; path = UpperLeftCalculation.swift; sourceTree = "<group>"; };
		654B2B912AAB04A90084CFBA /* LeftRightHalfCalculation.swift */ = {isa = PBXFileReference; fileEncoding = 4; lastKnownFileType = sourcecode.swift; path = LeftRightHalfCalculation.swift; sourceTree = "<group>"; };
		654B2B932AAB04A90084CFBA /* LowerRightCalculation.swift */ = {isa = PBXFileReference; fileEncoding = 4; lastKnownFileType = sourcecode.swift; path = LowerRightCalculation.swift; sourceTree = "<group>"; };
		654B2B9E2AAB04A90084CFBA /* FirstTwoThirdsCalculation.swift */ = {isa = PBXFileReference; fileEncoding = 4; lastKnownFileType = sourcecode.swift; path = FirstTwoThirdsCalculation.swift; sourceTree = "<group>"; };
		654B2BA32AAB04A90084CFBA /* FirstThirdCalculation.swift */ = {isa = PBXFileReference; fileEncoding = 4; lastKnownFileType = sourcecode.swift; path = FirstThirdCalculation.swift; sourceTree = "<group>"; };
		654B2BA42AAB04A90084CFBA /* CenterThirdCalculation.swift */ = {isa = PBXFileReference; fileEncoding = 4; lastKnownFileType = sourcecode.swift; path = CenterThirdCalculation.swift; sourceTree = "<group>"; };
		654B2BA52AAB04A90084CFBA /* OrientationAware.swift */ = {isa = PBXFileReference; fileEncoding = 4; lastKnownFileType = sourcecode.swift; path = OrientationAware.swift; sourceTree = "<group>"; };
		654B2BA62AAB04A90084CFBA /* LastTwoThirdsCalculation.swift */ = {isa = PBXFileReference; fileEncoding = 4; lastKnownFileType = sourcecode.swift; path = LastTwoThirdsCalculation.swift; sourceTree = "<group>"; };
		654B2BA72AAB04A90084CFBA /* MoveUpDownCalculation.swift */ = {isa = PBXFileReference; fileEncoding = 4; lastKnownFileType = sourcecode.swift; path = MoveUpDownCalculation.swift; sourceTree = "<group>"; };
		654B2BA92AAB04AA0084CFBA /* RepeatedExecutionsCalculation.swift */ = {isa = PBXFileReference; fileEncoding = 4; lastKnownFileType = sourcecode.swift; path = RepeatedExecutionsCalculation.swift; sourceTree = "<group>"; };
		654B2BB02AAB04AA0084CFBA /* SnapAreaModel.swift */ = {isa = PBXFileReference; fileEncoding = 4; lastKnownFileType = sourcecode.swift; path = SnapAreaModel.swift; sourceTree = "<group>"; };
		654B2BB12AAB04AA0084CFBA /* FootprintWindow.swift */ = {isa = PBXFileReference; fileEncoding = 4; lastKnownFileType = sourcecode.swift; path = FootprintWindow.swift; sourceTree = "<group>"; };
		654B2BB32AAB04AA0084CFBA /* ThirdsCompoundCalculation.swift */ = {isa = PBXFileReference; fileEncoding = 4; lastKnownFileType = sourcecode.swift; path = ThirdsCompoundCalculation.swift; sourceTree = "<group>"; };
		654B2BB42AAB04AA0084CFBA /* HalvesCompoundCalculation.swift */ = {isa = PBXFileReference; fileEncoding = 4; lastKnownFileType = sourcecode.swift; path = HalvesCompoundCalculation.swift; sourceTree = "<group>"; };
		654B2BB52AAB04AA0084CFBA /* SixthsCompoundCalculation.swift */ = {isa = PBXFileReference; fileEncoding = 4; lastKnownFileType = sourcecode.swift; path = SixthsCompoundCalculation.swift; sourceTree = "<group>"; };
		654B2BB62AAB04AA0084CFBA /* CompoundSnapArea.swift */ = {isa = PBXFileReference; fileEncoding = 4; lastKnownFileType = sourcecode.swift; path = CompoundSnapArea.swift; sourceTree = "<group>"; };
		654B2BB72AAB04AA0084CFBA /* FourthsCompoundCalculation.swift */ = {isa = PBXFileReference; fileEncoding = 4; lastKnownFileType = sourcecode.swift; path = FourthsCompoundCalculation.swift; sourceTree = "<group>"; };
		654B2BB82AAB04AA0084CFBA /* SnappingManager.swift */ = {isa = PBXFileReference; fileEncoding = 4; lastKnownFileType = sourcecode.swift; path = SnappingManager.swift; sourceTree = "<group>"; };
		6583AA892AE8F60F0076E070 /* EventTap.swift */ = {isa = PBXFileReference; lastKnownFileType = sourcecode.swift; path = EventTap.swift; sourceTree = "<group>"; };
		6583AA8B2AE8F6860076E070 /* CleaningManager.swift */ = {isa = PBXFileReference; lastKnownFileType = sourcecode.swift; path = CleaningManager.swift; sourceTree = "<group>"; };
		65D151CA2B44488700AD1A61 /* README.md */ = {isa = PBXFileReference; lastKnownFileType = net.daringfireball.markdown; path = README.md; sourceTree = "<group>"; };
		65E770CA2ABF4DAD0037D593 /* ShortcutManager.swift */ = {isa = PBXFileReference; lastKnownFileType = sourcecode.swift; path = ShortcutManager.swift; sourceTree = "<group>"; };
/* End PBXFileReference section */

/* Begin PBXFrameworksBuildPhase section */
		654B2ADA2AAB02FE0084CFBA /* Frameworks */ = {
			isa = PBXFrameworksBuildPhase;
			buildActionMask = 2147483647;
			files = (
				657EE4AA2B46DABC00FE1702 /* LaunchAtLogin in Frameworks */,
				6533CD1F2AD402B1009263A7 /* SISwift in Frameworks */,
				65E770CE2AC16D070037D593 /* MASShortcut in Frameworks */,
			);
			runOnlyForDeploymentPostprocessing = 0;
		};
		654B2AEB2AAB03110084CFBA /* Frameworks */ = {
			isa = PBXFrameworksBuildPhase;
			buildActionMask = 2147483647;
			files = (
			);
			runOnlyForDeploymentPostprocessing = 0;
		};
		654B2AF52AAB03110084CFBA /* Frameworks */ = {
			isa = PBXFrameworksBuildPhase;
			buildActionMask = 2147483647;
			files = (
			);
			runOnlyForDeploymentPostprocessing = 0;
		};
/* End PBXFrameworksBuildPhase section */

/* Begin PBXGroup section */
		650821B22ADFD2F60009B168 /* Views */ = {
			isa = PBXGroup;
			children = (
				650821B32ADFD3220009B168 /* SystemInfoView.swift */,
				650821B52ADFD3630009B168 /* CleaningModeView.swift */,
				650821B72ADFD3860009B168 /* WindowManagerView.swift */,
				650821B92ADFD3AB0009B168 /* PopoverView.swift */,
			);
			path = Views;
			sourceTree = "<group>";
		};
		654B2AD42AAB02FD0084CFBA = {
			isa = PBXGroup;
			children = (
				65D151CA2B44488700AD1A61 /* README.md */,
				654B2ADF2AAB02FE0084CFBA /* MacMenu */,
				654B2AF12AAB03110084CFBA /* MacMenuTests */,
				654B2AFB2AAB03110084CFBA /* MacMenuUITests */,
				654B2ADE2AAB02FE0084CFBA /* Products */,
			);
			sourceTree = "<group>";
		};
		654B2ADE2AAB02FE0084CFBA /* Products */ = {
			isa = PBXGroup;
			children = (
				654B2ADD2AAB02FE0084CFBA /* MacMenu.app */,
				654B2AEE2AAB03110084CFBA /* MacMenuTests.xctest */,
				654B2AF82AAB03110084CFBA /* MacMenuUITests.xctest */,
			);
			name = Products;
			sourceTree = "<group>";
		};
		654B2ADF2AAB02FE0084CFBA /* MacMenu */ = {
			isa = PBXGroup;
			children = (
				6583AA882AE8F5FF0076E070 /* CleaningMode */,
				650821B22ADFD2F60009B168 /* Views */,
				654B2C122AB052B30084CFBA /* WindowManager */,
				654B2B3C2AAB03B00084CFBA /* AppDelegate.swift */,
				654B2B332AAB03AF0084CFBA /* main.swift */,
				65E770CA2ABF4DAD0037D593 /* ShortcutManager.swift */,
				654B2AE42AAB03110084CFBA /* Assets.xcassets */,
				654B2AE92AAB03110084CFBA /* MacMenu.entitlements */,
				654B2B4A2AAB03D20084CFBA /* MacMenu-Bridging-Header.h */,
			);
			path = MacMenu;
			sourceTree = "<group>";
		};
		654B2AF12AAB03110084CFBA /* MacMenuTests */ = {
			isa = PBXGroup;
			children = (
				654B2AF22AAB03110084CFBA /* MacMenuTests.swift */,
			);
			path = MacMenuTests;
			sourceTree = "<group>";
		};
		654B2AFB2AAB03110084CFBA /* MacMenuUITests */ = {
			isa = PBXGroup;
			children = (
				654B2AFC2AAB03110084CFBA /* MacMenuUITests.swift */,
				654B2AFE2AAB03110084CFBA /* MacMenuUITestsLaunchTests.swift */,
			);
			path = MacMenuUITests;
			sourceTree = "<group>";
		};
		654B2B4C2AAB046F0084CFBA /* MultiWindow */ = {
			isa = PBXGroup;
			children = (
				654B2B4D2AAB04920084CFBA /* MultiWindowManager.swift */,
				654B2B4E2AAB04920084CFBA /* ReverseAllManager.swift */,
			);
			path = MultiWindow;
			sourceTree = "<group>";
		};
		654B2B512AAB049C0084CFBA /* WindowMover */ = {
			isa = PBXGroup;
			children = (
				654B2B522AAB049C0084CFBA /* WindowMover.swift */,
				654B2B532AAB049C0084CFBA /* CenteringFixedSizedWindowMover.swift */,
				654B2B542AAB049C0084CFBA /* BestEffortWindowMover.swift */,
				654B2B552AAB049C0084CFBA /* StandardWindowMover.swift */,
				654B2B562AAB049C0084CFBA /* QuantizedWindowMover.swift */,
			);
			path = WindowMover;
			sourceTree = "<group>";
		};
		654B2B5C2AAB04A90084CFBA /* Utilities */ = {
			isa = PBXGroup;
			children = (
				654B2B5D2AAB04A90084CFBA /* WindowUtil.swift */,
				654B2B5E2AAB04A90084CFBA /* CGExtension.swift */,
				654B2B5F2AAB04A90084CFBA /* RunLoopThread.swift */,
				654B2B602AAB04A90084CFBA /* AlertUtil.swift */,
				654B2B612AAB04A90084CFBA /* CFExtension.swift */,
				654B2B622AAB04A90084CFBA /* NotificationExtension.swift */,
				654B2B632AAB04A90084CFBA /* TimeoutCache.swift */,
				654B2B642AAB04A90084CFBA /* DispatchTimeExtension.swift */,
				654B2B652AAB04A90084CFBA /* AXExtension.swift */,
				654B2B662AAB04A90084CFBA /* SequenceExtension.swift */,
				654B2B672AAB04A90084CFBA /* Debounce.swift */,
				654B2B682AAB04A90084CFBA /* NSImageExtension.swift */,
				654B2B692AAB04A90084CFBA /* EventMonitor.swift */,
				654B2B6A2AAB04A90084CFBA /* StageUtil.swift */,
				654B2B6B2AAB04A90084CFBA /* CUtil.swift */,
			);
			path = Utilities;
			sourceTree = "<group>";
		};
		654B2B6C2AAB04A90084CFBA /* WindowCalculation */ = {
			isa = PBXGroup;
			children = (
				654B2B6E2AAB04A90084CFBA /* BottomHalfCalculation.swift */,
				654B2B7E2AAB04A90084CFBA /* CenterCalculation.swift */,
				654B2B812AAB04A90084CFBA /* CenterHalfCalculation.swift */,
				654B2BA42AAB04A90084CFBA /* CenterThirdCalculation.swift */,
				654B2B7B2AAB04A90084CFBA /* ChangeSizeCalculation.swift */,
				654B2BA32AAB04A90084CFBA /* FirstThirdCalculation.swift */,
				654B2B9E2AAB04A90084CFBA /* FirstTwoThirdsCalculation.swift */,
				654B2B802AAB04A90084CFBA /* GapCalculation.swift */,
				654B2B852AAB04A90084CFBA /* LastThirdCalculation.swift */,
				654B2BA62AAB04A90084CFBA /* LastTwoThirdsCalculation.swift */,
				654B2B912AAB04A90084CFBA /* LeftRightHalfCalculation.swift */,
				654B2B872AAB04A90084CFBA /* LowerLeftCalculation.swift */,
				654B2B932AAB04A90084CFBA /* LowerRightCalculation.swift */,
				654B2B722AAB04A90084CFBA /* MaximizeCalculation.swift */,
				654B2B832AAB04A90084CFBA /* MaximizeHeightCalculation.swift */,
				654B2B752AAB04A90084CFBA /* MoveLeftRightCalculation.swift */,
				654B2BA72AAB04A90084CFBA /* MoveUpDownCalculation.swift */,
				654B2B6D2AAB04A90084CFBA /* NextPrevDisplayCalculation.swift */,
				654B2BA52AAB04A90084CFBA /* OrientationAware.swift */,
				654B2BA92AAB04AA0084CFBA /* RepeatedExecutionsCalculation.swift */,
				654B2B7F2AAB04A90084CFBA /* TopHalfCalculation.swift */,
				654B2B8D2AAB04A90084CFBA /* UpperLeftCalculation.swift */,
				654B2B712AAB04A90084CFBA /* UpperRightCalculation.swift */,
				654B2B742AAB04A90084CFBA /* WindowCalculation.swift */,
			);
			path = WindowCalculation;
			sourceTree = "<group>";
		};
		654B2BAF2AAB04AA0084CFBA /* Snapping */ = {
			isa = PBXGroup;
			children = (
				654B2BB22AAB04AA0084CFBA /* CompoundSnapArea */,
				654B2BB02AAB04AA0084CFBA /* SnapAreaModel.swift */,
				654B2BB12AAB04AA0084CFBA /* FootprintWindow.swift */,
				654B2BB82AAB04AA0084CFBA /* SnappingManager.swift */,
			);
			path = Snapping;
			sourceTree = "<group>";
		};
		654B2BB22AAB04AA0084CFBA /* CompoundSnapArea */ = {
			isa = PBXGroup;
			children = (
				654B2BB32AAB04AA0084CFBA /* ThirdsCompoundCalculation.swift */,
				654B2BB42AAB04AA0084CFBA /* HalvesCompoundCalculation.swift */,
				654B2BB52AAB04AA0084CFBA /* SixthsCompoundCalculation.swift */,
				654B2BB62AAB04AA0084CFBA /* CompoundSnapArea.swift */,
				654B2BB72AAB04AA0084CFBA /* FourthsCompoundCalculation.swift */,
			);
			path = CompoundSnapArea;
			sourceTree = "<group>";
		};
		654B2C122AB052B30084CFBA /* WindowManager */ = {
			isa = PBXGroup;
			children = (
				654B2BAF2AAB04AA0084CFBA /* Snapping */,
				654B2B5C2AAB04A90084CFBA /* Utilities */,
				654B2B6C2AAB04A90084CFBA /* WindowCalculation */,
				654B2B512AAB049C0084CFBA /* WindowMover */,
				654B2B4C2AAB046F0084CFBA /* MultiWindow */,
				654B2B362AAB03AF0084CFBA /* AccessibilityElement.swift */,
				654B2B3B2AAB03B00084CFBA /* Constants.swift */,
				654B2B322AAB03AF0084CFBA /* ScreenDetection.swift */,
				654B2B312AAB03AF0084CFBA /* SubsequentExecutionMode.swift */,
				654B2B372AAB03AF0084CFBA /* WindowAction.swift */,
				654B2B352AAB03AF0084CFBA /* WindowActionCategory.swift */,
				654B2B3D2AAB03B00084CFBA /* WindowHistory.swift */,
				654B2B342AAB03AF0084CFBA /* WindowManager.swift */,
			);
			path = WindowManager;
			sourceTree = "<group>";
		};
		6583AA882AE8F5FF0076E070 /* CleaningMode */ = {
			isa = PBXGroup;
			children = (
				6583AA892AE8F60F0076E070 /* EventTap.swift */,
				6583AA8B2AE8F6860076E070 /* CleaningManager.swift */,
			);
			path = CleaningMode;
			sourceTree = "<group>";
		};
/* End PBXGroup section */

/* Begin PBXNativeTarget section */
		654B2ADC2AAB02FE0084CFBA /* MacMenu */ = {
			isa = PBXNativeTarget;
			buildConfigurationList = 654B2B022AAB03110084CFBA /* Build configuration list for PBXNativeTarget "MacMenu" */;
			buildPhases = (
				654B2AD92AAB02FE0084CFBA /* Sources */,
				654B2ADA2AAB02FE0084CFBA /* Frameworks */,
				654B2ADB2AAB02FE0084CFBA /* Resources */,
			);
			buildRules = (
			);
			dependencies = (
			);
			name = MacMenu;
			packageProductDependencies = (
				65E770CD2AC16D070037D593 /* MASShortcut */,
				6533CD1E2AD402B1009263A7 /* SISwift */,
				657EE4A92B46DABC00FE1702 /* LaunchAtLogin */,
			);
			productName = MacMenu;
			productReference = 654B2ADD2AAB02FE0084CFBA /* MacMenu.app */;
			productType = "com.apple.product-type.application";
		};
		654B2AED2AAB03110084CFBA /* MacMenuTests */ = {
			isa = PBXNativeTarget;
			buildConfigurationList = 654B2B052AAB03110084CFBA /* Build configuration list for PBXNativeTarget "MacMenuTests" */;
			buildPhases = (
				654B2AEA2AAB03110084CFBA /* Sources */,
				654B2AEB2AAB03110084CFBA /* Frameworks */,
				654B2AEC2AAB03110084CFBA /* Resources */,
			);
			buildRules = (
			);
			dependencies = (
				654B2AF02AAB03110084CFBA /* PBXTargetDependency */,
			);
			name = MacMenuTests;
			productName = MacMenuTests;
			productReference = 654B2AEE2AAB03110084CFBA /* MacMenuTests.xctest */;
			productType = "com.apple.product-type.bundle.unit-test";
		};
		654B2AF72AAB03110084CFBA /* MacMenuUITests */ = {
			isa = PBXNativeTarget;
			buildConfigurationList = 654B2B082AAB03110084CFBA /* Build configuration list for PBXNativeTarget "MacMenuUITests" */;
			buildPhases = (
				654B2AF42AAB03110084CFBA /* Sources */,
				654B2AF52AAB03110084CFBA /* Frameworks */,
				654B2AF62AAB03110084CFBA /* Resources */,
			);
			buildRules = (
			);
			dependencies = (
				654B2AFA2AAB03110084CFBA /* PBXTargetDependency */,
			);
			name = MacMenuUITests;
			productName = MacMenuUITests;
			productReference = 654B2AF82AAB03110084CFBA /* MacMenuUITests.xctest */;
			productType = "com.apple.product-type.bundle.ui-testing";
		};
/* End PBXNativeTarget section */

/* Begin PBXProject section */
		654B2AD52AAB02FD0084CFBA /* Project object */ = {
			isa = PBXProject;
			attributes = {
				BuildIndependentTargetsInParallel = 1;
				LastSwiftUpdateCheck = 1430;
				LastUpgradeCheck = 1430;
				TargetAttributes = {
					654B2ADC2AAB02FE0084CFBA = {
						CreatedOnToolsVersion = 14.3.1;
						LastSwiftMigration = 1430;
					};
					654B2AED2AAB03110084CFBA = {
						CreatedOnToolsVersion = 14.3.1;
						TestTargetID = 654B2ADC2AAB02FE0084CFBA;
					};
					654B2AF72AAB03110084CFBA = {
						CreatedOnToolsVersion = 14.3.1;
						TestTargetID = 654B2ADC2AAB02FE0084CFBA;
					};
				};
			};
			buildConfigurationList = 654B2AD82AAB02FD0084CFBA /* Build configuration list for PBXProject "MacMenu" */;
			compatibilityVersion = "Xcode 14.0";
			developmentRegion = en;
			hasScannedForEncodings = 0;
			knownRegions = (
				en,
				Base,
			);
			mainGroup = 654B2AD42AAB02FD0084CFBA;
			packageReferences = (
				65E770CC2AC16D070037D593 /* XCRemoteSwiftPackageReference "MASShortcut" */,
				6533CD1D2AD402B1009263A7 /* XCRemoteSwiftPackageReference "SISwift" */,
				657EE4A82B46DABC00FE1702 /* XCRemoteSwiftPackageReference "LaunchAtLogin" */,
			);
			productRefGroup = 654B2ADE2AAB02FE0084CFBA /* Products */;
			projectDirPath = "";
			projectRoot = "";
			targets = (
				654B2ADC2AAB02FE0084CFBA /* MacMenu */,
				654B2AED2AAB03110084CFBA /* MacMenuTests */,
				654B2AF72AAB03110084CFBA /* MacMenuUITests */,
			);
		};
/* End PBXProject section */

/* Begin PBXResourcesBuildPhase section */
		654B2ADB2AAB02FE0084CFBA /* Resources */ = {
			isa = PBXResourcesBuildPhase;
			buildActionMask = 2147483647;
			files = (
				654B2AE52AAB03110084CFBA /* Assets.xcassets in Resources */,
			);
			runOnlyForDeploymentPostprocessing = 0;
		};
		654B2AEC2AAB03110084CFBA /* Resources */ = {
			isa = PBXResourcesBuildPhase;
			buildActionMask = 2147483647;
			files = (
			);
			runOnlyForDeploymentPostprocessing = 0;
		};
		654B2AF62AAB03110084CFBA /* Resources */ = {
			isa = PBXResourcesBuildPhase;
			buildActionMask = 2147483647;
			files = (
			);
			runOnlyForDeploymentPostprocessing = 0;
		};
/* End PBXResourcesBuildPhase section */

/* Begin PBXSourcesBuildPhase section */
		654B2AD92AAB02FE0084CFBA /* Sources */ = {
			isa = PBXSourcesBuildPhase;
			buildActionMask = 2147483647;
			files = (
				654B2B5B2AAB049C0084CFBA /* QuantizedWindowMover.swift in Sources */,
				654B2BD02AAB04AA0084CFBA /* MoveLeftRightCalculation.swift in Sources */,
				654B2BDB2AAB04AA0084CFBA /* GapCalculation.swift in Sources */,
				654B2B482AAB03B00084CFBA /* AppDelegate.swift in Sources */,
				654B2C0E2AAB04AA0084CFBA /* SixthsCompoundCalculation.swift in Sources */,
				654B2BFE2AAB04AA0084CFBA /* FirstThirdCalculation.swift in Sources */,
				654B2BE82AAB04AA0084CFBA /* UpperLeftCalculation.swift in Sources */,
				654B2BBD2AAB04AA0084CFBA /* CFExtension.swift in Sources */,
				654B2BCF2AAB04AA0084CFBA /* WindowCalculation.swift in Sources */,
				654B2BEC2AAB04AA0084CFBA /* LeftRightHalfCalculation.swift in Sources */,
				6583AA8C2AE8F6860076E070 /* CleaningManager.swift in Sources */,
				654B2C012AAB04AA0084CFBA /* LastTwoThirdsCalculation.swift in Sources */,
				654B2BC32AAB04AA0084CFBA /* Debounce.swift in Sources */,
				650821BA2ADFD3AB0009B168 /* PopoverView.swift in Sources */,
				654B2C002AAB04AA0084CFBA /* OrientationAware.swift in Sources */,
				654B2BDE2AAB04AA0084CFBA /* MaximizeHeightCalculation.swift in Sources */,
				654B2B5A2AAB049C0084CFBA /* StandardWindowMover.swift in Sources */,
				654B2BBE2AAB04AA0084CFBA /* NotificationExtension.swift in Sources */,
				654B2BE02AAB04AA0084CFBA /* LastThirdCalculation.swift in Sources */,
				654B2BC42AAB04AA0084CFBA /* NSImageExtension.swift in Sources */,
				654B2B3E2AAB03B00084CFBA /* SubsequentExecutionMode.swift in Sources */,
				654B2BC02AAB04AA0084CFBA /* DispatchTimeExtension.swift in Sources */,
				654B2B442AAB03B00084CFBA /* WindowAction.swift in Sources */,
				654B2BBF2AAB04AA0084CFBA /* TimeoutCache.swift in Sources */,
				650821B82ADFD3860009B168 /* WindowManagerView.swift in Sources */,
				654B2BDA2AAB04AA0084CFBA /* TopHalfCalculation.swift in Sources */,
				654B2B592AAB049C0084CFBA /* BestEffortWindowMover.swift in Sources */,
				654B2BC92AAB04AA0084CFBA /* BottomHalfCalculation.swift in Sources */,
				654B2C0F2AAB04AA0084CFBA /* CompoundSnapArea.swift in Sources */,
				650821B42ADFD3220009B168 /* SystemInfoView.swift in Sources */,
				654B2BC72AAB04AA0084CFBA /* CUtil.swift in Sources */,
				654B2C0D2AAB04AA0084CFBA /* HalvesCompoundCalculation.swift in Sources */,
				654B2BBB2AAB04AA0084CFBA /* RunLoopThread.swift in Sources */,
				654B2BCC2AAB04AA0084CFBA /* UpperRightCalculation.swift in Sources */,
				650821B62ADFD3630009B168 /* CleaningModeView.swift in Sources */,
				654B2C042AAB04AA0084CFBA /* RepeatedExecutionsCalculation.swift in Sources */,
				654B2BDC2AAB04AA0084CFBA /* CenterHalfCalculation.swift in Sources */,
				654B2BBA2AAB04AA0084CFBA /* CGExtension.swift in Sources */,
				654B2C0C2AAB04AA0084CFBA /* ThirdsCompoundCalculation.swift in Sources */,
				654B2B502AAB04920084CFBA /* ReverseAllManager.swift in Sources */,
				654B2BC12AAB04AA0084CFBA /* AXExtension.swift in Sources */,
				654B2B492AAB03B00084CFBA /* WindowHistory.swift in Sources */,
				654B2BC22AAB04AA0084CFBA /* SequenceExtension.swift in Sources */,
				654B2BD62AAB04AA0084CFBA /* ChangeSizeCalculation.swift in Sources */,
				654B2BFF2AAB04AA0084CFBA /* CenterThirdCalculation.swift in Sources */,
				654B2C022AAB04AA0084CFBA /* MoveUpDownCalculation.swift in Sources */,
				654B2B572AAB049C0084CFBA /* WindowMover.swift in Sources */,
				654B2B432AAB03B00084CFBA /* AccessibilityElement.swift in Sources */,
				654B2BC62AAB04AA0084CFBA /* StageUtil.swift in Sources */,
				654B2BBC2AAB04AA0084CFBA /* AlertUtil.swift in Sources */,
				654B2BF92AAB04AA0084CFBA /* FirstTwoThirdsCalculation.swift in Sources */,
				654B2C102AAB04AA0084CFBA /* FourthsCompoundCalculation.swift in Sources */,
				654B2C0B2AAB04AA0084CFBA /* FootprintWindow.swift in Sources */,
				654B2BE22AAB04AA0084CFBA /* LowerLeftCalculation.swift in Sources */,
				654B2BC82AAB04AA0084CFBA /* NextPrevDisplayCalculation.swift in Sources */,
				65E770CB2ABF4DAD0037D593 /* ShortcutManager.swift in Sources */,
				654B2BC52AAB04AA0084CFBA /* EventMonitor.swift in Sources */,
				654B2B412AAB03B00084CFBA /* WindowManager.swift in Sources */,
				654B2BCD2AAB04AA0084CFBA /* MaximizeCalculation.swift in Sources */,
				654B2C112AAB04AA0084CFBA /* SnappingManager.swift in Sources */,
				654B2BD92AAB04AA0084CFBA /* CenterCalculation.swift in Sources */,
				654B2B4F2AAB04920084CFBA /* MultiWindowManager.swift in Sources */,
				654B2B422AAB03B00084CFBA /* WindowActionCategory.swift in Sources */,
				654B2B472AAB03B00084CFBA /* Constants.swift in Sources */,
				654B2B3F2AAB03B00084CFBA /* ScreenDetection.swift in Sources */,
				6583AA8A2AE8F60F0076E070 /* EventTap.swift in Sources */,
				654B2BEE2AAB04AA0084CFBA /* LowerRightCalculation.swift in Sources */,
				654B2BB92AAB04AA0084CFBA /* WindowUtil.swift in Sources */,
				654B2C0A2AAB04AA0084CFBA /* SnapAreaModel.swift in Sources */,
				654B2B582AAB049C0084CFBA /* CenteringFixedSizedWindowMover.swift in Sources */,
				654B2B402AAB03B00084CFBA /* main.swift in Sources */,
			);
			runOnlyForDeploymentPostprocessing = 0;
		};
		654B2AEA2AAB03110084CFBA /* Sources */ = {
			isa = PBXSourcesBuildPhase;
			buildActionMask = 2147483647;
			files = (
				654B2AF32AAB03110084CFBA /* MacMenuTests.swift in Sources */,
			);
			runOnlyForDeploymentPostprocessing = 0;
		};
		654B2AF42AAB03110084CFBA /* Sources */ = {
			isa = PBXSourcesBuildPhase;
			buildActionMask = 2147483647;
			files = (
				654B2AFD2AAB03110084CFBA /* MacMenuUITests.swift in Sources */,
				654B2AFF2AAB03110084CFBA /* MacMenuUITestsLaunchTests.swift in Sources */,
			);
			runOnlyForDeploymentPostprocessing = 0;
		};
/* End PBXSourcesBuildPhase section */

/* Begin PBXTargetDependency section */
		654B2AF02AAB03110084CFBA /* PBXTargetDependency */ = {
			isa = PBXTargetDependency;
			target = 654B2ADC2AAB02FE0084CFBA /* MacMenu */;
			targetProxy = 654B2AEF2AAB03110084CFBA /* PBXContainerItemProxy */;
		};
		654B2AFA2AAB03110084CFBA /* PBXTargetDependency */ = {
			isa = PBXTargetDependency;
			target = 654B2ADC2AAB02FE0084CFBA /* MacMenu */;
			targetProxy = 654B2AF92AAB03110084CFBA /* PBXContainerItemProxy */;
		};
/* End PBXTargetDependency section */

/* Begin XCBuildConfiguration section */
		654B2B002AAB03110084CFBA /* Debug */ = {
			isa = XCBuildConfiguration;
			buildSettings = {
				ALWAYS_SEARCH_USER_PATHS = NO;
				CLANG_ANALYZER_NONNULL = YES;
				CLANG_ANALYZER_NUMBER_OBJECT_CONVERSION = YES_AGGRESSIVE;
				CLANG_CXX_LANGUAGE_STANDARD = "gnu++20";
				CLANG_ENABLE_MODULES = YES;
				CLANG_ENABLE_OBJC_ARC = YES;
				CLANG_ENABLE_OBJC_WEAK = YES;
				CLANG_WARN_BLOCK_CAPTURE_AUTORELEASING = YES;
				CLANG_WARN_BOOL_CONVERSION = YES;
				CLANG_WARN_COMMA = YES;
				CLANG_WARN_CONSTANT_CONVERSION = YES;
				CLANG_WARN_DEPRECATED_OBJC_IMPLEMENTATIONS = YES;
				CLANG_WARN_DIRECT_OBJC_ISA_USAGE = YES_ERROR;
				CLANG_WARN_DOCUMENTATION_COMMENTS = YES;
				CLANG_WARN_EMPTY_BODY = YES;
				CLANG_WARN_ENUM_CONVERSION = YES;
				CLANG_WARN_INFINITE_RECURSION = YES;
				CLANG_WARN_INT_CONVERSION = YES;
				CLANG_WARN_NON_LITERAL_NULL_CONVERSION = YES;
				CLANG_WARN_OBJC_IMPLICIT_RETAIN_SELF = YES;
				CLANG_WARN_OBJC_LITERAL_CONVERSION = YES;
				CLANG_WARN_OBJC_ROOT_CLASS = YES_ERROR;
				CLANG_WARN_QUOTED_INCLUDE_IN_FRAMEWORK_HEADER = YES;
				CLANG_WARN_RANGE_LOOP_ANALYSIS = YES;
				CLANG_WARN_STRICT_PROTOTYPES = YES;
				CLANG_WARN_SUSPICIOUS_MOVE = YES;
				CLANG_WARN_UNGUARDED_AVAILABILITY = YES_AGGRESSIVE;
				CLANG_WARN_UNREACHABLE_CODE = YES;
				CLANG_WARN__DUPLICATE_METHOD_MATCH = YES;
				COPY_PHASE_STRIP = NO;
				DEBUG_INFORMATION_FORMAT = dwarf;
				ENABLE_STRICT_OBJC_MSGSEND = YES;
				ENABLE_TESTABILITY = YES;
				GCC_C_LANGUAGE_STANDARD = gnu11;
				GCC_DYNAMIC_NO_PIC = NO;
				GCC_NO_COMMON_BLOCKS = YES;
				GCC_OPTIMIZATION_LEVEL = 0;
				GCC_PREPROCESSOR_DEFINITIONS = (
					"DEBUG=1",
					"$(inherited)",
				);
				GCC_WARN_64_TO_32_BIT_CONVERSION = YES;
				GCC_WARN_ABOUT_RETURN_TYPE = YES_ERROR;
				GCC_WARN_UNDECLARED_SELECTOR = YES;
				GCC_WARN_UNINITIALIZED_AUTOS = YES_AGGRESSIVE;
				GCC_WARN_UNUSED_FUNCTION = YES;
				GCC_WARN_UNUSED_VARIABLE = YES;
				MACOSX_DEPLOYMENT_TARGET = 13.3;
				MTL_ENABLE_DEBUG_INFO = INCLUDE_SOURCE;
				MTL_FAST_MATH = YES;
				ONLY_ACTIVE_ARCH = YES;
				SDKROOT = macosx;
				SWIFT_ACTIVE_COMPILATION_CONDITIONS = DEBUG;
				SWIFT_OPTIMIZATION_LEVEL = "-Onone";
			};
			name = Debug;
		};
		654B2B012AAB03110084CFBA /* Release */ = {
			isa = XCBuildConfiguration;
			buildSettings = {
				ALWAYS_SEARCH_USER_PATHS = NO;
				CLANG_ANALYZER_NONNULL = YES;
				CLANG_ANALYZER_NUMBER_OBJECT_CONVERSION = YES_AGGRESSIVE;
				CLANG_CXX_LANGUAGE_STANDARD = "gnu++20";
				CLANG_ENABLE_MODULES = YES;
				CLANG_ENABLE_OBJC_ARC = YES;
				CLANG_ENABLE_OBJC_WEAK = YES;
				CLANG_WARN_BLOCK_CAPTURE_AUTORELEASING = YES;
				CLANG_WARN_BOOL_CONVERSION = YES;
				CLANG_WARN_COMMA = YES;
				CLANG_WARN_CONSTANT_CONVERSION = YES;
				CLANG_WARN_DEPRECATED_OBJC_IMPLEMENTATIONS = YES;
				CLANG_WARN_DIRECT_OBJC_ISA_USAGE = YES_ERROR;
				CLANG_WARN_DOCUMENTATION_COMMENTS = YES;
				CLANG_WARN_EMPTY_BODY = YES;
				CLANG_WARN_ENUM_CONVERSION = YES;
				CLANG_WARN_INFINITE_RECURSION = YES;
				CLANG_WARN_INT_CONVERSION = YES;
				CLANG_WARN_NON_LITERAL_NULL_CONVERSION = YES;
				CLANG_WARN_OBJC_IMPLICIT_RETAIN_SELF = YES;
				CLANG_WARN_OBJC_LITERAL_CONVERSION = YES;
				CLANG_WARN_OBJC_ROOT_CLASS = YES_ERROR;
				CLANG_WARN_QUOTED_INCLUDE_IN_FRAMEWORK_HEADER = YES;
				CLANG_WARN_RANGE_LOOP_ANALYSIS = YES;
				CLANG_WARN_STRICT_PROTOTYPES = YES;
				CLANG_WARN_SUSPICIOUS_MOVE = YES;
				CLANG_WARN_UNGUARDED_AVAILABILITY = YES_AGGRESSIVE;
				CLANG_WARN_UNREACHABLE_CODE = YES;
				CLANG_WARN__DUPLICATE_METHOD_MATCH = YES;
				COPY_PHASE_STRIP = NO;
				DEBUG_INFORMATION_FORMAT = "dwarf-with-dsym";
				ENABLE_NS_ASSERTIONS = NO;
				ENABLE_STRICT_OBJC_MSGSEND = YES;
				GCC_C_LANGUAGE_STANDARD = gnu11;
				GCC_NO_COMMON_BLOCKS = YES;
				GCC_WARN_64_TO_32_BIT_CONVERSION = YES;
				GCC_WARN_ABOUT_RETURN_TYPE = YES_ERROR;
				GCC_WARN_UNDECLARED_SELECTOR = YES;
				GCC_WARN_UNINITIALIZED_AUTOS = YES_AGGRESSIVE;
				GCC_WARN_UNUSED_FUNCTION = YES;
				GCC_WARN_UNUSED_VARIABLE = YES;
				MACOSX_DEPLOYMENT_TARGET = 13.3;
				MTL_ENABLE_DEBUG_INFO = NO;
				MTL_FAST_MATH = YES;
				SDKROOT = macosx;
				SWIFT_COMPILATION_MODE = wholemodule;
				SWIFT_OPTIMIZATION_LEVEL = "-O";
			};
			name = Release;
		};
		654B2B032AAB03110084CFBA /* Debug */ = {
			isa = XCBuildConfiguration;
			buildSettings = {
				ASSETCATALOG_COMPILER_APPICON_NAME = AppIcon;
				ASSETCATALOG_COMPILER_GLOBAL_ACCENT_COLOR_NAME = AccentColor;
				CLANG_ENABLE_MODULES = YES;
				CODE_SIGN_ENTITLEMENTS = MacMenu/MacMenu.entitlements;
				CODE_SIGN_STYLE = Automatic;
				COMBINE_HIDPI_IMAGES = YES;
				CURRENT_PROJECT_VERSION = 1;
				ENABLE_HARDENED_RUNTIME = YES;
				GENERATE_INFOPLIST_FILE = YES;
				INFOPLIST_KEY_LSUIElement = YES;
				INFOPLIST_KEY_NSHumanReadableCopyright = "";
				INFOPLIST_KEY_NSPrincipalClass = NSApplication;
				LD_RUNPATH_SEARCH_PATHS = (
					"$(inherited)",
					"@executable_path/../Frameworks",
				);
				MARKETING_VERSION = 1.0;
				PRODUCT_BUNDLE_IDENTIFIER = "io.github.dan-koller.MacMenu";
				PRODUCT_NAME = "$(TARGET_NAME)";
				SWIFT_EMIT_LOC_STRINGS = YES;
				SWIFT_OBJC_BRIDGING_HEADER = "MacMenu/MacMenu-Bridging-Header.h";
				SWIFT_OPTIMIZATION_LEVEL = "-Onone";
				SWIFT_VERSION = 5.0;
			};
			name = Debug;
		};
		654B2B042AAB03110084CFBA /* Release */ = {
			isa = XCBuildConfiguration;
			buildSettings = {
				ASSETCATALOG_COMPILER_APPICON_NAME = AppIcon;
				ASSETCATALOG_COMPILER_GLOBAL_ACCENT_COLOR_NAME = AccentColor;
				CLANG_ENABLE_MODULES = YES;
				CODE_SIGN_ENTITLEMENTS = MacMenu/MacMenu.entitlements;
				CODE_SIGN_STYLE = Automatic;
				COMBINE_HIDPI_IMAGES = YES;
				CURRENT_PROJECT_VERSION = 1;
				ENABLE_HARDENED_RUNTIME = YES;
				GENERATE_INFOPLIST_FILE = YES;
				INFOPLIST_KEY_LSUIElement = YES;
				INFOPLIST_KEY_NSHumanReadableCopyright = "";
				INFOPLIST_KEY_NSPrincipalClass = NSApplication;
				LD_RUNPATH_SEARCH_PATHS = (
					"$(inherited)",
					"@executable_path/../Frameworks",
				);
				MARKETING_VERSION = 1.0;
				PRODUCT_BUNDLE_IDENTIFIER = "io.github.dan-koller.MacMenu";
				PRODUCT_NAME = "$(TARGET_NAME)";
				SWIFT_EMIT_LOC_STRINGS = YES;
				SWIFT_OBJC_BRIDGING_HEADER = "MacMenu/MacMenu-Bridging-Header.h";
				SWIFT_VERSION = 5.0;
			};
			name = Release;
		};
		654B2B062AAB03110084CFBA /* Debug */ = {
			isa = XCBuildConfiguration;
			buildSettings = {
				ALWAYS_EMBED_SWIFT_STANDARD_LIBRARIES = YES;
				BUNDLE_LOADER = "$(TEST_HOST)";
				CODE_SIGN_STYLE = Automatic;
				CURRENT_PROJECT_VERSION = 1;
				GENERATE_INFOPLIST_FILE = YES;
				MACOSX_DEPLOYMENT_TARGET = 13.3;
				MARKETING_VERSION = 1.0;
				PRODUCT_BUNDLE_IDENTIFIER = "io.github.dan-koller.MacMenuTests";
				PRODUCT_NAME = "$(TARGET_NAME)";
				SWIFT_EMIT_LOC_STRINGS = NO;
				SWIFT_VERSION = 5.0;
				TEST_HOST = "$(BUILT_PRODUCTS_DIR)/MacMenu.app/$(BUNDLE_EXECUTABLE_FOLDER_PATH)/MacMenu";
			};
			name = Debug;
		};
		654B2B072AAB03110084CFBA /* Release */ = {
			isa = XCBuildConfiguration;
			buildSettings = {
				ALWAYS_EMBED_SWIFT_STANDARD_LIBRARIES = YES;
				BUNDLE_LOADER = "$(TEST_HOST)";
				CODE_SIGN_STYLE = Automatic;
				CURRENT_PROJECT_VERSION = 1;
				GENERATE_INFOPLIST_FILE = YES;
				MACOSX_DEPLOYMENT_TARGET = 13.3;
				MARKETING_VERSION = 1.0;
				PRODUCT_BUNDLE_IDENTIFIER = "io.github.dan-koller.MacMenuTests";
				PRODUCT_NAME = "$(TARGET_NAME)";
				SWIFT_EMIT_LOC_STRINGS = NO;
				SWIFT_VERSION = 5.0;
				TEST_HOST = "$(BUILT_PRODUCTS_DIR)/MacMenu.app/$(BUNDLE_EXECUTABLE_FOLDER_PATH)/MacMenu";
			};
			name = Release;
		};
		654B2B092AAB03110084CFBA /* Debug */ = {
			isa = XCBuildConfiguration;
			buildSettings = {
				ALWAYS_EMBED_SWIFT_STANDARD_LIBRARIES = YES;
				CODE_SIGN_STYLE = Automatic;
				CURRENT_PROJECT_VERSION = 1;
				GENERATE_INFOPLIST_FILE = YES;
				MARKETING_VERSION = 1.0;
				PRODUCT_BUNDLE_IDENTIFIER = "io.github.dan-koller.MacMenuUITests";
				PRODUCT_NAME = "$(TARGET_NAME)";
				SWIFT_EMIT_LOC_STRINGS = NO;
				SWIFT_VERSION = 5.0;
				TEST_TARGET_NAME = MacMenu;
			};
			name = Debug;
		};
		654B2B0A2AAB03110084CFBA /* Release */ = {
			isa = XCBuildConfiguration;
			buildSettings = {
				ALWAYS_EMBED_SWIFT_STANDARD_LIBRARIES = YES;
				CODE_SIGN_STYLE = Automatic;
				CURRENT_PROJECT_VERSION = 1;
				GENERATE_INFOPLIST_FILE = YES;
				MARKETING_VERSION = 1.0;
				PRODUCT_BUNDLE_IDENTIFIER = "io.github.dan-koller.MacMenuUITests";
				PRODUCT_NAME = "$(TARGET_NAME)";
				SWIFT_EMIT_LOC_STRINGS = NO;
				SWIFT_VERSION = 5.0;
				TEST_TARGET_NAME = MacMenu;
			};
			name = Release;
		};
/* End XCBuildConfiguration section */

/* Begin XCConfigurationList section */
		654B2AD82AAB02FD0084CFBA /* Build configuration list for PBXProject "MacMenu" */ = {
			isa = XCConfigurationList;
			buildConfigurations = (
				654B2B002AAB03110084CFBA /* Debug */,
				654B2B012AAB03110084CFBA /* Release */,
			);
			defaultConfigurationIsVisible = 0;
			defaultConfigurationName = Release;
		};
		654B2B022AAB03110084CFBA /* Build configuration list for PBXNativeTarget "MacMenu" */ = {
			isa = XCConfigurationList;
			buildConfigurations = (
				654B2B032AAB03110084CFBA /* Debug */,
				654B2B042AAB03110084CFBA /* Release */,
			);
			defaultConfigurationIsVisible = 0;
			defaultConfigurationName = Release;
		};
		654B2B052AAB03110084CFBA /* Build configuration list for PBXNativeTarget "MacMenuTests" */ = {
			isa = XCConfigurationList;
			buildConfigurations = (
				654B2B062AAB03110084CFBA /* Debug */,
				654B2B072AAB03110084CFBA /* Release */,
			);
			defaultConfigurationIsVisible = 0;
			defaultConfigurationName = Release;
		};
		654B2B082AAB03110084CFBA /* Build configuration list for PBXNativeTarget "MacMenuUITests" */ = {
			isa = XCConfigurationList;
			buildConfigurations = (
				654B2B092AAB03110084CFBA /* Debug */,
				654B2B0A2AAB03110084CFBA /* Release */,
			);
			defaultConfigurationIsVisible = 0;
			defaultConfigurationName = Release;
		};
/* End XCConfigurationList section */

/* Begin XCRemoteSwiftPackageReference section */
		6533CD1D2AD402B1009263A7 /* XCRemoteSwiftPackageReference "SISwift" */ = {
			isa = XCRemoteSwiftPackageReference;
			repositoryURL = "https://github.com/dan-koller/SISwift";
			requirement = {
				branch = main;
				kind = branch;
			};
		};
		657EE4A82B46DABC00FE1702 /* XCRemoteSwiftPackageReference "LaunchAtLogin" */ = {
			isa = XCRemoteSwiftPackageReference;
			repositoryURL = "https://github.com/sindresorhus/LaunchAtLogin.git";
			requirement = {
				branch = main;
				kind = branch;
			};
		};
		65E770CC2AC16D070037D593 /* XCRemoteSwiftPackageReference "MASShortcut" */ = {
			isa = XCRemoteSwiftPackageReference;
			repositoryURL = "https://github.com/dan-koller/MASShortcut";
			requirement = {
				branch = master;
				kind = branch;
			};
		};
/* End XCRemoteSwiftPackageReference section */

/* Begin XCSwiftPackageProductDependency section */
		6533CD1E2AD402B1009263A7 /* SISwift */ = {
			isa = XCSwiftPackageProductDependency;
			package = 6533CD1D2AD402B1009263A7 /* XCRemoteSwiftPackageReference "SISwift" */;
			productName = SISwift;
		};
		657EE4A92B46DABC00FE1702 /* LaunchAtLogin */ = {
			isa = XCSwiftPackageProductDependency;
			package = 657EE4A82B46DABC00FE1702 /* XCRemoteSwiftPackageReference "LaunchAtLogin" */;
			productName = LaunchAtLogin;
		};
		65E770CD2AC16D070037D593 /* MASShortcut */ = {
			isa = XCSwiftPackageProductDependency;
			package = 65E770CC2AC16D070037D593 /* XCRemoteSwiftPackageReference "MASShortcut" */;
			productName = MASShortcut;
		};
/* End XCSwiftPackageProductDependency section */
	};
	rootObject = 654B2AD52AAB02FD0084CFBA /* Project object */;
}
