// !$*UTF8*$!
{
	archiveVersion = 1;
	classes = {
	};
	objectVersion = 56;
	objects = {

/* Begin PBXBuildFile section */
		654B2AE12AAB02FE0084CFBA /* AppDelegate.swift in Sources */ = {isa = PBXBuildFile; fileRef = 654B2AE02AAB02FE0084CFBA /* AppDelegate.swift */; };
		654B2AE32AAB02FE0084CFBA /* ViewController.swift in Sources */ = {isa = PBXBuildFile; fileRef = 654B2AE22AAB02FE0084CFBA /* ViewController.swift */; };
		654B2AE52AAB03110084CFBA /* Assets.xcassets in Resources */ = {isa = PBXBuildFile; fileRef = 654B2AE42AAB03110084CFBA /* Assets.xcassets */; };
		654B2AE82AAB03110084CFBA /* Main.storyboard in Resources */ = {isa = PBXBuildFile; fileRef = 654B2AE62AAB03110084CFBA /* Main.storyboard */; };
		654B2AF32AAB03110084CFBA /* MacMenuTests.swift in Sources */ = {isa = PBXBuildFile; fileRef = 654B2AF22AAB03110084CFBA /* MacMenuTests.swift */; };
		654B2AFD2AAB03110084CFBA /* MacMenuUITests.swift in Sources */ = {isa = PBXBuildFile; fileRef = 654B2AFC2AAB03110084CFBA /* MacMenuUITests.swift */; };
		654B2AFF2AAB03110084CFBA /* MacMenuUITestsLaunchTests.swift in Sources */ = {isa = PBXBuildFile; fileRef = 654B2AFE2AAB03110084CFBA /* MacMenuUITestsLaunchTests.swift */; };
/* End PBXBuildFile section */

/* Begin PBXContainerItemProxy section */
		654B2AEF2AAB03110084CFBA /* PBXContainerItemProxy */ = {
			isa = PBXContainerItemProxy;
			containerPortal = 654B2AD52AAB02FD0084CFBA /* Project object */;
			proxyType = 1;
			remoteGlobalIDString = 654B2ADC2AAB02FE0084CFBA;
			remoteInfo = MacMenu;
		};
		654B2AF92AAB03110084CFBA /* PBXContainerItemProxy */ = {
			isa = PBXContainerItemProxy;
			containerPortal = 654B2AD52AAB02FD0084CFBA /* Project object */;
			proxyType = 1;
			remoteGlobalIDString = 654B2ADC2AAB02FE0084CFBA;
			remoteInfo = MacMenu;
		};
/* End PBXContainerItemProxy section */

/* Begin PBXFileReference section */
		654B2ADD2AAB02FE0084CFBA /* MacMenu.app */ = {isa = PBXFileReference; explicitFileType = wrapper.application; includeInIndex = 0; path = MacMenu.app; sourceTree = BUILT_PRODUCTS_DIR; };
		654B2AE02AAB02FE0084CFBA /* AppDelegate.swift */ = {isa = PBXFileReference; lastKnownFileType = sourcecode.swift; path = AppDelegate.swift; sourceTree = "<group>"; };
		654B2AE22AAB02FE0084CFBA /* ViewController.swift */ = {isa = PBXFileReference; lastKnownFileType = sourcecode.swift; path = ViewController.swift; sourceTree = "<group>"; };
		654B2AE42AAB03110084CFBA /* Assets.xcassets */ = {isa = PBXFileReference; lastKnownFileType = folder.assetcatalog; path = Assets.xcassets; sourceTree = "<group>"; };
		654B2AE72AAB03110084CFBA /* Base */ = {isa = PBXFileReference; lastKnownFileType = file.storyboard; name = Base; path = Base.lproj/Main.storyboard; sourceTree = "<group>"; };
		654B2AE92AAB03110084CFBA /* MacMenu.entitlements */ = {isa = PBXFileReference; lastKnownFileType = text.plist.entitlements; path = MacMenu.entitlements; sourceTree = "<group>"; };
		654B2AEE2AAB03110084CFBA /* MacMenuTests.xctest */ = {isa = PBXFileReference; explicitFileType = wrapper.cfbundle; includeInIndex = 0; path = MacMenuTests.xctest; sourceTree = BUILT_PRODUCTS_DIR; };
		654B2AF22AAB03110084CFBA /* MacMenuTests.swift */ = {isa = PBXFileReference; lastKnownFileType = sourcecode.swift; path = MacMenuTests.swift; sourceTree = "<group>"; };
		654B2AF82AAB03110084CFBA /* MacMenuUITests.xctest */ = {isa = PBXFileReference; explicitFileType = wrapper.cfbundle; includeInIndex = 0; path = MacMenuUITests.xctest; sourceTree = BUILT_PRODUCTS_DIR; };
		654B2AFC2AAB03110084CFBA /* MacMenuUITests.swift */ = {isa = PBXFileReference; lastKnownFileType = sourcecode.swift; path = MacMenuUITests.swift; sourceTree = "<group>"; };
		654B2AFE2AAB03110084CFBA /* MacMenuUITestsLaunchTests.swift */ = {isa = PBXFileReference; lastKnownFileType = sourcecode.swift; path = MacMenuUITestsLaunchTests.swift; sourceTree = "<group>"; };
/* End PBXFileReference section */

/* Begin PBXFrameworksBuildPhase section */
		654B2ADA2AAB02FE0084CFBA /* Frameworks */ = {
			isa = PBXFrameworksBuildPhase;
			buildActionMask = 2147483647;
			files = (
			);
			runOnlyForDeploymentPostprocessing = 0;
		};
		654B2AEB2AAB03110084CFBA /* Frameworks */ = {
			isa = PBXFrameworksBuildPhase;
			buildActionMask = 2147483647;
			files = (
			);
			runOnlyForDeploymentPostprocessing = 0;
		};
		654B2AF52AAB03110084CFBA /* Frameworks */ = {
			isa = PBXFrameworksBuildPhase;
			buildActionMask = 2147483647;
			files = (
			);
			runOnlyForDeploymentPostprocessing = 0;
		};
/* End PBXFrameworksBuildPhase section */

/* Begin PBXGroup section */
		654B2AD42AAB02FD0084CFBA = {
			isa = PBXGroup;
			children = (
				654B2ADF2AAB02FE0084CFBA /* MacMenu */,
				654B2AF12AAB03110084CFBA /* MacMenuTests */,
				654B2AFB2AAB03110084CFBA /* MacMenuUITests */,
				654B2ADE2AAB02FE0084CFBA /* Products */,
			);
			sourceTree = "<group>";
		};
		654B2ADE2AAB02FE0084CFBA /* Products */ = {
			isa = PBXGroup;
			children = (
				654B2ADD2AAB02FE0084CFBA /* MacMenu.app */,
				654B2AEE2AAB03110084CFBA /* MacMenuTests.xctest */,
				654B2AF82AAB03110084CFBA /* MacMenuUITests.xctest */,
			);
			name = Products;
			sourceTree = "<group>";
		};
		654B2ADF2AAB02FE0084CFBA /* MacMenu */ = {
			isa = PBXGroup;
			children = (
				654B2AE02AAB02FE0084CFBA /* AppDelegate.swift */,
				654B2AE22AAB02FE0084CFBA /* ViewController.swift */,
				654B2AE42AAB03110084CFBA /* Assets.xcassets */,
				654B2AE62AAB03110084CFBA /* Main.storyboard */,
				654B2AE92AAB03110084CFBA /* MacMenu.entitlements */,
			);
			path = MacMenu;
			sourceTree = "<group>";
		};
		654B2AF12AAB03110084CFBA /* MacMenuTests */ = {
			isa = PBXGroup;
			children = (
				654B2AF22AAB03110084CFBA /* MacMenuTests.swift */,
			);
			path = MacMenuTests;
			sourceTree = "<group>";
		};
		654B2AFB2AAB03110084CFBA /* MacMenuUITests */ = {
			isa = PBXGroup;
			children = (
				654B2AFC2AAB03110084CFBA /* MacMenuUITests.swift */,
				654B2AFE2AAB03110084CFBA /* MacMenuUITestsLaunchTests.swift */,
			);
			path = MacMenuUITests;
			sourceTree = "<group>";
		};
/* End PBXGroup section */

/* Begin PBXNativeTarget section */
		654B2ADC2AAB02FE0084CFBA /* MacMenu */ = {
			isa = PBXNativeTarget;
			buildConfigurationList = 654B2B022AAB03110084CFBA /* Build configuration list for PBXNativeTarget "MacMenu" */;
			buildPhases = (
				654B2AD92AAB02FE0084CFBA /* Sources */,
				654B2ADA2AAB02FE0084CFBA /* Frameworks */,
				654B2ADB2AAB02FE0084CFBA /* Resources */,
			);
			buildRules = (
			);
			dependencies = (
			);
			name = MacMenu;
			productName = MacMenu;
			productReference = 654B2ADD2AAB02FE0084CFBA /* MacMenu.app */;
			productType = "com.apple.product-type.application";
		};
		654B2AED2AAB03110084CFBA /* MacMenuTests */ = {
			isa = PBXNativeTarget;
			buildConfigurationList = 654B2B052AAB03110084CFBA /* Build configuration list for PBXNativeTarget "MacMenuTests" */;
			buildPhases = (
				654B2AEA2AAB03110084CFBA /* Sources */,
				654B2AEB2AAB03110084CFBA /* Frameworks */,
				654B2AEC2AAB03110084CFBA /* Resources */,
			);
			buildRules = (
			);
			dependencies = (
				654B2AF02AAB03110084CFBA /* PBXTargetDependency */,
			);
			name = MacMenuTests;
			productName = MacMenuTests;
			productReference = 654B2AEE2AAB03110084CFBA /* MacMenuTests.xctest */;
			productType = "com.apple.product-type.bundle.unit-test";
		};
		654B2AF72AAB03110084CFBA /* MacMenuUITests */ = {
			isa = PBXNativeTarget;
			buildConfigurationList = 654B2B082AAB03110084CFBA /* Build configuration list for PBXNativeTarget "MacMenuUITests" */;
			buildPhases = (
				654B2AF42AAB03110084CFBA /* Sources */,
				654B2AF52AAB03110084CFBA /* Frameworks */,
				654B2AF62AAB03110084CFBA /* Resources */,
			);
			buildRules = (
			);
			dependencies = (
				654B2AFA2AAB03110084CFBA /* PBXTargetDependency */,
			);
			name = MacMenuUITests;
			productName = MacMenuUITests;
			productReference = 654B2AF82AAB03110084CFBA /* MacMenuUITests.xctest */;
			productType = "com.apple.product-type.bundle.ui-testing";
		};
/* End PBXNativeTarget section */

/* Begin PBXProject section */
		654B2AD52AAB02FD0084CFBA /* Project object */ = {
			isa = PBXProject;
			attributes = {
				BuildIndependentTargetsInParallel = 1;
				LastSwiftUpdateCheck = 1430;
				LastUpgradeCheck = 1430;
				TargetAttributes = {
					654B2ADC2AAB02FE0084CFBA = {
						CreatedOnToolsVersion = 14.3.1;
					};
					654B2AED2AAB03110084CFBA = {
						CreatedOnToolsVersion = 14.3.1;
						TestTargetID = 654B2ADC2AAB02FE0084CFBA;
					};
					654B2AF72AAB03110084CFBA = {
						CreatedOnToolsVersion = 14.3.1;
						TestTargetID = 654B2ADC2AAB02FE0084CFBA;
					};
				};
			};
			buildConfigurationList = 654B2AD82AAB02FD0084CFBA /* Build configuration list for PBXProject "MacMenu" */;
			compatibilityVersion = "Xcode 14.0";
			developmentRegion = en;
			hasScannedForEncodings = 0;
			knownRegions = (
				en,
				Base,
			);
			mainGroup = 654B2AD42AAB02FD0084CFBA;
			productRefGroup = 654B2ADE2AAB02FE0084CFBA /* Products */;
			projectDirPath = "";
			projectRoot = "";
			targets = (
				654B2ADC2AAB02FE0084CFBA /* MacMenu */,
				654B2AED2AAB03110084CFBA /* MacMenuTests */,
				654B2AF72AAB03110084CFBA /* MacMenuUITests */,
			);
		};
/* End PBXProject section */

/* Begin PBXResourcesBuildPhase section */
		654B2ADB2AAB02FE0084CFBA /* Resources */ = {
			isa = PBXResourcesBuildPhase;
			buildActionMask = 2147483647;
			files = (
				654B2AE52AAB03110084CFBA /* Assets.xcassets in Resources */,
				654B2AE82AAB03110084CFBA /* Main.storyboard in Resources */,
			);
			runOnlyForDeploymentPostprocessing = 0;
		};
		654B2AEC2AAB03110084CFBA /* Resources */ = {
			isa = PBXResourcesBuildPhase;
			buildActionMask = 2147483647;
			files = (
			);
			runOnlyForDeploymentPostprocessing = 0;
		};
		654B2AF62AAB03110084CFBA /* Resources */ = {
			isa = PBXResourcesBuildPhase;
			buildActionMask = 2147483647;
			files = (
			);
			runOnlyForDeploymentPostprocessing = 0;
		};
/* End PBXResourcesBuildPhase section */

/* Begin PBXSourcesBuildPhase section */
		654B2AD92AAB02FE0084CFBA /* Sources */ = {
			isa = PBXSourcesBuildPhase;
			buildActionMask = 2147483647;
			files = (
				654B2AE32AAB02FE0084CFBA /* ViewController.swift in Sources */,
				654B2AE12AAB02FE0084CFBA /* AppDelegate.swift in Sources */,
			);
			runOnlyForDeploymentPostprocessing = 0;
		};
		654B2AEA2AAB03110084CFBA /* Sources */ = {
			isa = PBXSourcesBuildPhase;
			buildActionMask = 2147483647;
			files = (
				654B2AF32AAB03110084CFBA /* MacMenuTests.swift in Sources */,
			);
			runOnlyForDeploymentPostprocessing = 0;
		};
		654B2AF42AAB03110084CFBA /* Sources */ = {
			isa = PBXSourcesBuildPhase;
			buildActionMask = 2147483647;
			files = (
				654B2AFD2AAB03110084CFBA /* MacMenuUITests.swift in Sources */,
				654B2AFF2AAB03110084CFBA /* MacMenuUITestsLaunchTests.swift in Sources */,
			);
			runOnlyForDeploymentPostprocessing = 0;
		};
/* End PBXSourcesBuildPhase section */

/* Begin PBXTargetDependency section */
		654B2AF02AAB03110084CFBA /* PBXTargetDependency */ = {
			isa = PBXTargetDependency;
			target = 654B2ADC2AAB02FE0084CFBA /* MacMenu */;
			targetProxy = 654B2AEF2AAB03110084CFBA /* PBXContainerItemProxy */;
		};
		654B2AFA2AAB03110084CFBA /* PBXTargetDependency */ = {
			isa = PBXTargetDependency;
			target = 654B2ADC2AAB02FE0084CFBA /* MacMenu */;
			targetProxy = 654B2AF92AAB03110084CFBA /* PBXContainerItemProxy */;
		};
/* End PBXTargetDependency section */

/* Begin PBXVariantGroup section */
		654B2AE62AAB03110084CFBA /* Main.storyboard */ = {
			isa = PBXVariantGroup;
			children = (
				654B2AE72AAB03110084CFBA /* Base */,
			);
			name = Main.storyboard;
			sourceTree = "<group>";
		};
/* End PBXVariantGroup section */

/* Begin XCBuildConfiguration section */
		654B2B002AAB03110084CFBA /* Debug */ = {
			isa = XCBuildConfiguration;
			buildSettings = {
				ALWAYS_SEARCH_USER_PATHS = NO;
				CLANG_ANALYZER_NONNULL = YES;
				CLANG_ANALYZER_NUMBER_OBJECT_CONVERSION = YES_AGGRESSIVE;
				CLANG_CXX_LANGUAGE_STANDARD = "gnu++20";
				CLANG_ENABLE_MODULES = YES;
				CLANG_ENABLE_OBJC_ARC = YES;
				CLANG_ENABLE_OBJC_WEAK = YES;
				CLANG_WARN_BLOCK_CAPTURE_AUTORELEASING = YES;
				CLANG_WARN_BOOL_CONVERSION = YES;
				CLANG_WARN_COMMA = YES;
				CLANG_WARN_CONSTANT_CONVERSION = YES;
				CLANG_WARN_DEPRECATED_OBJC_IMPLEMENTATIONS = YES;
				CLANG_WARN_DIRECT_OBJC_ISA_USAGE = YES_ERROR;
				CLANG_WARN_DOCUMENTATION_COMMENTS = YES;
				CLANG_WARN_EMPTY_BODY = YES;
				CLANG_WARN_ENUM_CONVERSION = YES;
				CLANG_WARN_INFINITE_RECURSION = YES;
				CLANG_WARN_INT_CONVERSION = YES;
				CLANG_WARN_NON_LITERAL_NULL_CONVERSION = YES;
				CLANG_WARN_OBJC_IMPLICIT_RETAIN_SELF = YES;
				CLANG_WARN_OBJC_LITERAL_CONVERSION = YES;
				CLANG_WARN_OBJC_ROOT_CLASS = YES_ERROR;
				CLANG_WARN_QUOTED_INCLUDE_IN_FRAMEWORK_HEADER = YES;
				CLANG_WARN_RANGE_LOOP_ANALYSIS = YES;
				CLANG_WARN_STRICT_PROTOTYPES = YES;
				CLANG_WARN_SUSPICIOUS_MOVE = YES;
				CLANG_WARN_UNGUARDED_AVAILABILITY = YES_AGGRESSIVE;
				CLANG_WARN_UNREACHABLE_CODE = YES;
				CLANG_WARN__DUPLICATE_METHOD_MATCH = YES;
				COPY_PHASE_STRIP = NO;
				DEBUG_INFORMATION_FORMAT = dwarf;
				ENABLE_STRICT_OBJC_MSGSEND = YES;
				ENABLE_TESTABILITY = YES;
				GCC_C_LANGUAGE_STANDARD = gnu11;
				GCC_DYNAMIC_NO_PIC = NO;
				GCC_NO_COMMON_BLOCKS = YES;
				GCC_OPTIMIZATION_LEVEL = 0;
				GCC_PREPROCESSOR_DEFINITIONS = (
					"DEBUG=1",
					"$(inherited)",
				);
				GCC_WARN_64_TO_32_BIT_CONVERSION = YES;
				GCC_WARN_ABOUT_RETURN_TYPE = YES_ERROR;
				GCC_WARN_UNDECLARED_SELECTOR = YES;
				GCC_WARN_UNINITIALIZED_AUTOS = YES_AGGRESSIVE;
				GCC_WARN_UNUSED_FUNCTION = YES;
				GCC_WARN_UNUSED_VARIABLE = YES;
				MACOSX_DEPLOYMENT_TARGET = 13.3;
				MTL_ENABLE_DEBUG_INFO = INCLUDE_SOURCE;
				MTL_FAST_MATH = YES;
				ONLY_ACTIVE_ARCH = YES;
				SDKROOT = macosx;
				SWIFT_ACTIVE_COMPILATION_CONDITIONS = DEBUG;
				SWIFT_OPTIMIZATION_LEVEL = "-Onone";
			};
			name = Debug;
		};
		654B2B012AAB03110084CFBA /* Release */ = {
			isa = XCBuildConfiguration;
			buildSettings = {
				ALWAYS_SEARCH_USER_PATHS = NO;
				CLANG_ANALYZER_NONNULL = YES;
				CLANG_ANALYZER_NUMBER_OBJECT_CONVERSION = YES_AGGRESSIVE;
				CLANG_CXX_LANGUAGE_STANDARD = "gnu++20";
				CLANG_ENABLE_MODULES = YES;
				CLANG_ENABLE_OBJC_ARC = YES;
				CLANG_ENABLE_OBJC_WEAK = YES;
				CLANG_WARN_BLOCK_CAPTURE_AUTORELEASING = YES;
				CLANG_WARN_BOOL_CONVERSION = YES;
				CLANG_WARN_COMMA = YES;
				CLANG_WARN_CONSTANT_CONVERSION = YES;
				CLANG_WARN_DEPRECATED_OBJC_IMPLEMENTATIONS = YES;
				CLANG_WARN_DIRECT_OBJC_ISA_USAGE = YES_ERROR;
				CLANG_WARN_DOCUMENTATION_COMMENTS = YES;
				CLANG_WARN_EMPTY_BODY = YES;
				CLANG_WARN_ENUM_CONVERSION = YES;
				CLANG_WARN_INFINITE_RECURSION = YES;
				CLANG_WARN_INT_CONVERSION = YES;
				CLANG_WARN_NON_LITERAL_NULL_CONVERSION = YES;
				CLANG_WARN_OBJC_IMPLICIT_RETAIN_SELF = YES;
				CLANG_WARN_OBJC_LITERAL_CONVERSION = YES;
				CLANG_WARN_OBJC_ROOT_CLASS = YES_ERROR;
				CLANG_WARN_QUOTED_INCLUDE_IN_FRAMEWORK_HEADER = YES;
				CLANG_WARN_RANGE_LOOP_ANALYSIS = YES;
				CLANG_WARN_STRICT_PROTOTYPES = YES;
				CLANG_WARN_SUSPICIOUS_MOVE = YES;
				CLANG_WARN_UNGUARDED_AVAILABILITY = YES_AGGRESSIVE;
				CLANG_WARN_UNREACHABLE_CODE = YES;
				CLANG_WARN__DUPLICATE_METHOD_MATCH = YES;
				COPY_PHASE_STRIP = NO;
				DEBUG_INFORMATION_FORMAT = "dwarf-with-dsym";
				ENABLE_NS_ASSERTIONS = NO;
				ENABLE_STRICT_OBJC_MSGSEND = YES;
				GCC_C_LANGUAGE_STANDARD = gnu11;
				GCC_NO_COMMON_BLOCKS = YES;
				GCC_WARN_64_TO_32_BIT_CONVERSION = YES;
				GCC_WARN_ABOUT_RETURN_TYPE = YES_ERROR;
				GCC_WARN_UNDECLARED_SELECTOR = YES;
				GCC_WARN_UNINITIALIZED_AUTOS = YES_AGGRESSIVE;
				GCC_WARN_UNUSED_FUNCTION = YES;
				GCC_WARN_UNUSED_VARIABLE = YES;
				MACOSX_DEPLOYMENT_TARGET = 13.3;
				MTL_ENABLE_DEBUG_INFO = NO;
				MTL_FAST_MATH = YES;
				SDKROOT = macosx;
				SWIFT_COMPILATION_MODE = wholemodule;
				SWIFT_OPTIMIZATION_LEVEL = "-O";
			};
			name = Release;
		};
		654B2B032AAB03110084CFBA /* Debug */ = {
			isa = XCBuildConfiguration;
			buildSettings = {
				ASSETCATALOG_COMPILER_APPICON_NAME = AppIcon;
				ASSETCATALOG_COMPILER_GLOBAL_ACCENT_COLOR_NAME = AccentColor;
				CODE_SIGN_ENTITLEMENTS = MacMenu/MacMenu.entitlements;
				CODE_SIGN_STYLE = Automatic;
				COMBINE_HIDPI_IMAGES = YES;
				CURRENT_PROJECT_VERSION = 1;
				GENERATE_INFOPLIST_FILE = YES;
				INFOPLIST_KEY_NSHumanReadableCopyright = "";
				INFOPLIST_KEY_NSMainStoryboardFile = Main;
				INFOPLIST_KEY_NSPrincipalClass = NSApplication;
				LD_RUNPATH_SEARCH_PATHS = (
					"$(inherited)",
					"@executable_path/../Frameworks",
				);
				MARKETING_VERSION = 1.0;
				PRODUCT_BUNDLE_IDENTIFIER = "io.github.dan-koller.MacMenu";
				PRODUCT_NAME = "$(TARGET_NAME)";
				SWIFT_EMIT_LOC_STRINGS = YES;
				SWIFT_VERSION = 5.0;
			};
			name = Debug;
		};
		654B2B042AAB03110084CFBA /* Release */ = {
			isa = XCBuildConfiguration;
			buildSettings = {
				ASSETCATALOG_COMPILER_APPICON_NAME = AppIcon;
				ASSETCATALOG_COMPILER_GLOBAL_ACCENT_COLOR_NAME = AccentColor;
				CODE_SIGN_ENTITLEMENTS = MacMenu/MacMenu.entitlements;
				CODE_SIGN_STYLE = Automatic;
				COMBINE_HIDPI_IMAGES = YES;
				CURRENT_PROJECT_VERSION = 1;
				GENERATE_INFOPLIST_FILE = YES;
				INFOPLIST_KEY_NSHumanReadableCopyright = "";
				INFOPLIST_KEY_NSMainStoryboardFile = Main;
				INFOPLIST_KEY_NSPrincipalClass = NSApplication;
				LD_RUNPATH_SEARCH_PATHS = (
					"$(inherited)",
					"@executable_path/../Frameworks",
				);
				MARKETING_VERSION = 1.0;
				PRODUCT_BUNDLE_IDENTIFIER = "io.github.dan-koller.MacMenu";
				PRODUCT_NAME = "$(TARGET_NAME)";
				SWIFT_EMIT_LOC_STRINGS = YES;
				SWIFT_VERSION = 5.0;
			};
			name = Release;
		};
		654B2B062AAB03110084CFBA /* Debug */ = {
			isa = XCBuildConfiguration;
			buildSettings = {
				ALWAYS_EMBED_SWIFT_STANDARD_LIBRARIES = YES;
				BUNDLE_LOADER = "$(TEST_HOST)";
				CODE_SIGN_STYLE = Automatic;
				CURRENT_PROJECT_VERSION = 1;
				GENERATE_INFOPLIST_FILE = YES;
				MACOSX_DEPLOYMENT_TARGET = 13.3;
				MARKETING_VERSION = 1.0;
				PRODUCT_BUNDLE_IDENTIFIER = "io.github.dan-koller.MacMenuTests";
				PRODUCT_NAME = "$(TARGET_NAME)";
				SWIFT_EMIT_LOC_STRINGS = NO;
				SWIFT_VERSION = 5.0;
				TEST_HOST = "$(BUILT_PRODUCTS_DIR)/MacMenu.app/$(BUNDLE_EXECUTABLE_FOLDER_PATH)/MacMenu";
			};
			name = Debug;
		};
		654B2B072AAB03110084CFBA /* Release */ = {
			isa = XCBuildConfiguration;
			buildSettings = {
				ALWAYS_EMBED_SWIFT_STANDARD_LIBRARIES = YES;
				BUNDLE_LOADER = "$(TEST_HOST)";
				CODE_SIGN_STYLE = Automatic;
				CURRENT_PROJECT_VERSION = 1;
				GENERATE_INFOPLIST_FILE = YES;
				MACOSX_DEPLOYMENT_TARGET = 13.3;
				MARKETING_VERSION = 1.0;
				PRODUCT_BUNDLE_IDENTIFIER = "io.github.dan-koller.MacMenuTests";
				PRODUCT_NAME = "$(TARGET_NAME)";
				SWIFT_EMIT_LOC_STRINGS = NO;
				SWIFT_VERSION = 5.0;
				TEST_HOST = "$(BUILT_PRODUCTS_DIR)/MacMenu.app/$(BUNDLE_EXECUTABLE_FOLDER_PATH)/MacMenu";
			};
			name = Release;
		};
		654B2B092AAB03110084CFBA /* Debug */ = {
			isa = XCBuildConfiguration;
			buildSettings = {
				ALWAYS_EMBED_SWIFT_STANDARD_LIBRARIES = YES;
				CODE_SIGN_STYLE = Automatic;
				CURRENT_PROJECT_VERSION = 1;
				GENERATE_INFOPLIST_FILE = YES;
				MARKETING_VERSION = 1.0;
				PRODUCT_BUNDLE_IDENTIFIER = "io.github.dan-koller.MacMenuUITests";
				PRODUCT_NAME = "$(TARGET_NAME)";
				SWIFT_EMIT_LOC_STRINGS = NO;
				SWIFT_VERSION = 5.0;
				TEST_TARGET_NAME = MacMenu;
			};
			name = Debug;
		};
		654B2B0A2AAB03110084CFBA /* Release */ = {
			isa = XCBuildConfiguration;
			buildSettings = {
				ALWAYS_EMBED_SWIFT_STANDARD_LIBRARIES = YES;
				CODE_SIGN_STYLE = Automatic;
				CURRENT_PROJECT_VERSION = 1;
				GENERATE_INFOPLIST_FILE = YES;
				MARKETING_VERSION = 1.0;
				PRODUCT_BUNDLE_IDENTIFIER = "io.github.dan-koller.MacMenuUITests";
				PRODUCT_NAME = "$(TARGET_NAME)";
				SWIFT_EMIT_LOC_STRINGS = NO;
				SWIFT_VERSION = 5.0;
				TEST_TARGET_NAME = MacMenu;
			};
			name = Release;
		};
/* End XCBuildConfiguration section */

/* Begin XCConfigurationList section */
		654B2AD82AAB02FD0084CFBA /* Build configuration list for PBXProject "MacMenu" */ = {
			isa = XCConfigurationList;
			buildConfigurations = (
				654B2B002AAB03110084CFBA /* Debug */,
				654B2B012AAB03110084CFBA /* Release */,
			);
			defaultConfigurationIsVisible = 0;
			defaultConfigurationName = Release;
		};
		654B2B022AAB03110084CFBA /* Build configuration list for PBXNativeTarget "MacMenu" */ = {
			isa = XCConfigurationList;
			buildConfigurations = (
				654B2B032AAB03110084CFBA /* Debug */,
				654B2B042AAB03110084CFBA /* Release */,
			);
			defaultConfigurationIsVisible = 0;
			defaultConfigurationName = Release;
		};
		654B2B052AAB03110084CFBA /* Build configuration list for PBXNativeTarget "MacMenuTests" */ = {
			isa = XCConfigurationList;
			buildConfigurations = (
				654B2B062AAB03110084CFBA /* Debug */,
				654B2B072AAB03110084CFBA /* Release */,
			);
			defaultConfigurationIsVisible = 0;
			defaultConfigurationName = Release;
		};
		654B2B082AAB03110084CFBA /* Build configuration list for PBXNativeTarget "MacMenuUITests" */ = {
			isa = XCConfigurationList;
			buildConfigurations = (
				654B2B092AAB03110084CFBA /* Debug */,
				654B2B0A2AAB03110084CFBA /* Release */,
			);
			defaultConfigurationIsVisible = 0;
			defaultConfigurationName = Release;
		};
/* End XCConfigurationList section */
	};
	rootObject = 654B2AD52AAB02FD0084CFBA /* Project object */;
}
